# THIS IS AN AUTOGENERATED FILE. DO NOT EDIT THIS FILE DIRECTLY.
# yarn lockfile v1


"@babel/runtime@^7.17.2":
  version "7.18.3"
  resolved "https://registry.yarnpkg.com/@babel/runtime/-/runtime-7.18.3.tgz#c7b654b57f6f63cf7f8b418ac9ca04408c4579f4"
  integrity sha512-38Y8f7YUhce/K7RMwTp7m0uCumpv9hZkitCbBClqQIow1qSbCvGkcegKOXpEWCQLfWmevgRiWokZ1GkpfhbZug==
  dependencies:
    regenerator-runtime "^0.13.4"

"@ckeditor/ckeditor5-adapter-ckfinder@^34.1.0":
  version "34.1.0"
  resolved "https://registry.npmjs.org/@ckeditor/ckeditor5-adapter-ckfinder/-/ckeditor5-adapter-ckfinder-34.1.0.tgz"
  integrity sha512-5KpImfDl4cyOMjsdYxVZs4IA+ggWs3/khOaH+QNvCR45JopSLnHYTW9X6z1BsENPgVvkD7X2SWxTeM0Q4pRraA==
  dependencies:
    ckeditor5 "^34.1.0"

"@ckeditor/ckeditor5-autoformat@^34.1.0":
  version "34.1.0"
  resolved "https://registry.npmjs.org/@ckeditor/ckeditor5-autoformat/-/ckeditor5-autoformat-34.1.0.tgz"
  integrity sha512-qt0yO2xNQJQjzNVhTN7xMHD41mEhjbMW0bmzFk7aj9sLf2NVw4b03sIdxrUApcpvh9rq1F9UPAycv5MNdDrjrg==
  dependencies:
    ckeditor5 "^34.1.0"

"@ckeditor/ckeditor5-basic-styles@^34.1.0":
  version "34.1.0"
  resolved "https://registry.npmjs.org/@ckeditor/ckeditor5-basic-styles/-/ckeditor5-basic-styles-34.1.0.tgz"
  integrity sha512-DCdvoB/He7xM5tnsLvNoBlECOa1ijxA6sh8iFF18KzYYx7amlLB5fq/q89/OvXy3mwxJ50JfInE35H/KXUXlzg==
  dependencies:
    ckeditor5 "^34.1.0"

"@ckeditor/ckeditor5-block-quote@^34.1.0":
  version "34.1.0"
  resolved "https://registry.npmjs.org/@ckeditor/ckeditor5-block-quote/-/ckeditor5-block-quote-34.1.0.tgz"
  integrity sha512-fs6lDcSwJMqkR+wtOPQwasOdX+xvC4Iu+zhs1/QIcg/+972dH14JAv5bLm7zpW3pWWDIr9hl9WJXWnxE9y4ygA==
  dependencies:
    ckeditor5 "^34.1.0"

"@ckeditor/ckeditor5-build-classic@^34.1.0":
  version "34.1.0"
  resolved "https://registry.npmjs.org/@ckeditor/ckeditor5-build-classic/-/ckeditor5-build-classic-34.1.0.tgz"
  integrity sha512-F/HwWy9Srfv3Lvdw8IQPpdtuVmvjmzaPiR2pigv8pywU+SiW2UMEXzMqVuWmbf7K8bODjXtPnAKbK2P0ZXjl2g==
  dependencies:
    "@ckeditor/ckeditor5-adapter-ckfinder" "^34.1.0"
    "@ckeditor/ckeditor5-autoformat" "^34.1.0"
    "@ckeditor/ckeditor5-basic-styles" "^34.1.0"
    "@ckeditor/ckeditor5-block-quote" "^34.1.0"
    "@ckeditor/ckeditor5-ckfinder" "^34.1.0"
    "@ckeditor/ckeditor5-cloud-services" "^34.1.0"
    "@ckeditor/ckeditor5-easy-image" "^34.1.0"
    "@ckeditor/ckeditor5-editor-classic" "^34.1.0"
    "@ckeditor/ckeditor5-essentials" "^34.1.0"
    "@ckeditor/ckeditor5-heading" "^34.1.0"
    "@ckeditor/ckeditor5-image" "^34.1.0"
    "@ckeditor/ckeditor5-indent" "^34.1.0"
    "@ckeditor/ckeditor5-link" "^34.1.0"
    "@ckeditor/ckeditor5-list" "^34.1.0"
    "@ckeditor/ckeditor5-media-embed" "^34.1.0"
    "@ckeditor/ckeditor5-paragraph" "^34.1.0"
    "@ckeditor/ckeditor5-paste-from-office" "^34.1.0"
    "@ckeditor/ckeditor5-table" "^34.1.0"
    "@ckeditor/ckeditor5-typing" "^34.1.0"

"@ckeditor/ckeditor5-ckfinder@^34.1.0":
  version "34.1.0"
  resolved "https://registry.npmjs.org/@ckeditor/ckeditor5-ckfinder/-/ckeditor5-ckfinder-34.1.0.tgz"
  integrity sha512-bFAsTRXQ+qREJuu80M+awT6S4+2T6vOrauWT2kz5vV1zH5Pck/pd7Ag7YTsjFdZemE1Uj7IxQ6ta+6caIX0DUA==
  dependencies:
    ckeditor5 "^34.1.0"

"@ckeditor/ckeditor5-clipboard@^34.1.0":
  version "34.1.0"
  resolved "https://registry.npmjs.org/@ckeditor/ckeditor5-clipboard/-/ckeditor5-clipboard-34.1.0.tgz"
  integrity sha512-j9JsV3K5F47EkqyCPN08ZC6qbKqbTQ7XINe2t75XjeenYlXGpMkuF2jxX2MjXwGtDUZLGkNG7yc+CWaGZmfd+Q==
  dependencies:
    "@ckeditor/ckeditor5-core" "^34.1.0"
    "@ckeditor/ckeditor5-engine" "^34.1.0"
    "@ckeditor/ckeditor5-utils" "^34.1.0"
    "@ckeditor/ckeditor5-widget" "^34.1.0"
    lodash-es "^4.17.11"

"@ckeditor/ckeditor5-cloud-services@^34.1.0":
  version "34.1.0"
  resolved "https://registry.npmjs.org/@ckeditor/ckeditor5-cloud-services/-/ckeditor5-cloud-services-34.1.0.tgz"
  integrity sha512-1+I5tVH5yaQlInHgHZolTr3FFSPoBUQh4d2qbBF+iHAzld27DEh4Q+sPrfrBeqelDfyCpChpUFdE2b+hCixh7A==
  dependencies:
    ckeditor5 "^34.1.0"

"@ckeditor/ckeditor5-core@^34.1.0":
  version "34.1.0"
  resolved "https://registry.npmjs.org/@ckeditor/ckeditor5-core/-/ckeditor5-core-34.1.0.tgz"
  integrity sha512-Rz0kIE64865fgSSdVRdAK7APTeoJxXyAdATEMM9UCXOMPWlE6UjOcrOMQEmZGxQHS+iwEocl9lWXPl+hMbWqfg==
  dependencies:
    "@ckeditor/ckeditor5-engine" "^34.1.0"
    "@ckeditor/ckeditor5-ui" "^34.1.0"
    "@ckeditor/ckeditor5-utils" "^34.1.0"
    lodash-es "^4.17.15"

"@ckeditor/ckeditor5-easy-image@^34.1.0":
  version "34.1.0"
  resolved "https://registry.npmjs.org/@ckeditor/ckeditor5-easy-image/-/ckeditor5-easy-image-34.1.0.tgz"
  integrity sha512-dCBNBVVn9T3acVpOUAib5T/dKFFgyjPXu5zaSyQ+M59Re0W+dfL9thgy5VozBCFreP1Rp09Vtpog6xapx8KotQ==
  dependencies:
    ckeditor5 "^34.1.0"

"@ckeditor/ckeditor5-editor-classic@^34.1.0":
  version "34.1.0"
  resolved "https://registry.npmjs.org/@ckeditor/ckeditor5-editor-classic/-/ckeditor5-editor-classic-34.1.0.tgz"
  integrity sha512-SYZdI/W+cMQbioblwx9S37UunIf7w61JdMoTIh4/dnStc7YiH9kDJdsbcxPJ5LaSzZMJnaADXoj7FwqG+7RA1g==
  dependencies:
    ckeditor5 "^34.1.0"
    lodash-es "^4.17.15"

"@ckeditor/ckeditor5-engine@^34.1.0":
  version "34.1.0"
  resolved "https://registry.npmjs.org/@ckeditor/ckeditor5-engine/-/ckeditor5-engine-34.1.0.tgz"
  integrity sha512-Bz4BcAl0Hhp6LIsJCypx+LoGbKQHVJjWQSq5oHYbvgrRcT57EPbepdazCtFhAVj7NrLt78ZCq1cdJSBcNASRYA==
  dependencies:
    "@ckeditor/ckeditor5-utils" "^34.1.0"
    lodash-es "^4.17.15"

"@ckeditor/ckeditor5-enter@^34.1.0":
  version "34.1.0"
  resolved "https://registry.npmjs.org/@ckeditor/ckeditor5-enter/-/ckeditor5-enter-34.1.0.tgz"
  integrity sha512-ZN/yxTPfPToBkz1NADHgnPGtni82Bbg4n3c+757lpGGyTjKSU6eDQYwXtDokpiVdD2FTDrhL59MX2xzWQKYRuA==
  dependencies:
    "@ckeditor/ckeditor5-core" "^34.1.0"
    "@ckeditor/ckeditor5-engine" "^34.1.0"
    "@ckeditor/ckeditor5-utils" "^34.1.0"

"@ckeditor/ckeditor5-essentials@^34.1.0":
  version "34.1.0"
  resolved "https://registry.npmjs.org/@ckeditor/ckeditor5-essentials/-/ckeditor5-essentials-34.1.0.tgz"
  integrity sha512-z0TSG+NBH0A4PfoEaCmxvVk57AvJ8lPt46pGHQRHy8OVGZ1BRrOwk39/4bvN34AjmOnojK1fl7CRBfc4r2WE2A==
  dependencies:
    ckeditor5 "^34.1.0"

"@ckeditor/ckeditor5-heading@^34.1.0":
  version "34.1.0"
  resolved "https://registry.npmjs.org/@ckeditor/ckeditor5-heading/-/ckeditor5-heading-34.1.0.tgz"
  integrity sha512-nLgnWCcQm85xrbGvaw03dA+IPN//TCax+jUUC2aYPN55/PBtvSQ+rra8KQxemxxghD/ddAV6w2jMTsJh0BC2Xg==
  dependencies:
    ckeditor5 "^34.1.0"

"@ckeditor/ckeditor5-image@^34.1.0":
  version "34.1.0"
  resolved "https://registry.npmjs.org/@ckeditor/ckeditor5-image/-/ckeditor5-image-34.1.0.tgz"
  integrity sha512-EVMoZGCW6zz02/ZyiBUgLD78Q+XE+2zJ2LvVVB51VU/4czpvl7Eky12S6q/8XCmkaP8TICLM+neW8CAEbK1QEA==
  dependencies:
    "@ckeditor/ckeditor5-ui" "^34.1.0"
    ckeditor5 "^34.1.0"
    lodash-es "^4.17.15"

"@ckeditor/ckeditor5-indent@^34.1.0":
  version "34.1.0"
  resolved "https://registry.npmjs.org/@ckeditor/ckeditor5-indent/-/ckeditor5-indent-34.1.0.tgz"
  integrity sha512-UaV2k5xCyteoQtykKKUdvj03IyituuMp1AdMXtUgDEzZouDFTUfDksTSkAvGERhxiBXUjTM+zDSrXbzS368D3A==
  dependencies:
    ckeditor5 "^34.1.0"

"@ckeditor/ckeditor5-link@^34.1.0":
  version "34.1.0"
  resolved "https://registry.npmjs.org/@ckeditor/ckeditor5-link/-/ckeditor5-link-34.1.0.tgz"
  integrity sha512-TZEknvVAzCEH9bmXwLGPUyinSkmuI8NN3SFQFfytQ7qWp9NC6IPaVPbspxmHbZHNBnaK1XMsMnRO8gSL7d9+Fw==
  dependencies:
    "@ckeditor/ckeditor5-ui" "^34.1.0"
    ckeditor5 "^34.1.0"
    lodash-es "^4.17.15"

"@ckeditor/ckeditor5-list@^34.1.0":
  version "34.1.0"
  resolved "https://registry.npmjs.org/@ckeditor/ckeditor5-list/-/ckeditor5-list-34.1.0.tgz"
  integrity sha512-OD3cJ+WngMgMjCh+w3JQh2qveP6DNYhtx7tA0pVmuyx+DZzGpb2DYg6ie5JxhenHgVbJP9dHx620k9YjdYR3NQ==
  dependencies:
    "@ckeditor/ckeditor5-ui" "^34.1.0"
    ckeditor5 "^34.1.0"

"@ckeditor/ckeditor5-media-embed@^34.1.0":
  version "34.1.0"
  resolved "https://registry.npmjs.org/@ckeditor/ckeditor5-media-embed/-/ckeditor5-media-embed-34.1.0.tgz"
  integrity sha512-x39PmgEFaZGywTskr5D5nfcwcRdbeUOHMjKk3mJXIFxSUOaQUD0s8KLK3GYYmbGWJKhLINznVQQeT1vQu2uizQ==
  dependencies:
    "@ckeditor/ckeditor5-ui" "^34.1.0"
    ckeditor5 "^34.1.0"

"@ckeditor/ckeditor5-paragraph@^34.1.0":
  version "34.1.0"
  resolved "https://registry.npmjs.org/@ckeditor/ckeditor5-paragraph/-/ckeditor5-paragraph-34.1.0.tgz"
  integrity sha512-17tOw3hqguYkXymDUgUM7+fnwZf+0Dy/nHZ7/NK/4geAdh/FwvCPTnJE0NBsNQ3a3Erd682oYXDs32ecTwE6xA==
  dependencies:
    "@ckeditor/ckeditor5-core" "^34.1.0"
    "@ckeditor/ckeditor5-ui" "^34.1.0"
    "@ckeditor/ckeditor5-utils" "^34.1.0"

"@ckeditor/ckeditor5-paste-from-office@^34.1.0":
  version "34.1.0"
  resolved "https://registry.npmjs.org/@ckeditor/ckeditor5-paste-from-office/-/ckeditor5-paste-from-office-34.1.0.tgz"
  integrity sha512-hQgfaOojt+GQdxYeFw5bIK36jP+bQgzh9uZJAOMq+dBqiB845ghY27p/ZV81wDWBd9vcaZDaa4uCnJ4gXqdGVQ==
  dependencies:
    ckeditor5 "^34.1.0"

"@ckeditor/ckeditor5-react@^5.0.2":
  version "5.0.2"
  resolved "https://registry.npmjs.org/@ckeditor/ckeditor5-react/-/ckeditor5-react-5.0.2.tgz"
  integrity sha512-pN4acvCAIsuXaZDMttqy4dNBKXiJ6AS6P8NM3ggMc/rQkMIPp3YPhDWWf+pyQLUiewj1Bfr5EFeBfcXPQTOn+Q==
  dependencies:
    prop-types "^15.7.2"

"@ckeditor/ckeditor5-select-all@^34.1.0":
  version "34.1.0"
  resolved "https://registry.npmjs.org/@ckeditor/ckeditor5-select-all/-/ckeditor5-select-all-34.1.0.tgz"
  integrity sha512-ia4cJdROsisx0H8nczQ08qo1du+C1dM+sPUHgaAf1o1N3KfgH81id7s4ILtyvz/fEqCmSIGxKW7MRn36ex/lcA==
  dependencies:
    "@ckeditor/ckeditor5-core" "^34.1.0"
    "@ckeditor/ckeditor5-ui" "^34.1.0"
    "@ckeditor/ckeditor5-utils" "^34.1.0"

"@ckeditor/ckeditor5-table@^34.1.0":
  version "34.1.0"
  resolved "https://registry.npmjs.org/@ckeditor/ckeditor5-table/-/ckeditor5-table-34.1.0.tgz"
  integrity sha512-Nx/zrLz1YMRF3+IlDIuv3U9SvdKELyX3qXbGOk1wNIEBZKdAQYCuY4xwAhsBCo8Kx09172Yy6lpTIgFiMJzUOg==
  dependencies:
    ckeditor5 "^34.1.0"
    lodash-es "^4.17.15"

"@ckeditor/ckeditor5-typing@^34.1.0":
  version "34.1.0"
  resolved "https://registry.npmjs.org/@ckeditor/ckeditor5-typing/-/ckeditor5-typing-34.1.0.tgz"
  integrity sha512-KcO6Yr3RJboNL0Ta/+a+lWOJnjLbomhemJ42fxp6JWMyCh1A5x6Iom9GGt1qS7BSh/5l3/prQBr11ZTvzr1ERQ==
  dependencies:
    "@ckeditor/ckeditor5-core" "^34.1.0"
    "@ckeditor/ckeditor5-engine" "^34.1.0"
    "@ckeditor/ckeditor5-utils" "^34.1.0"
    lodash-es "^4.17.15"

"@ckeditor/ckeditor5-ui@^34.1.0":
  version "34.1.0"
  resolved "https://registry.npmjs.org/@ckeditor/ckeditor5-ui/-/ckeditor5-ui-34.1.0.tgz"
  integrity sha512-cxySS7cj1xLz/Qh5VwQjHo399pU3ngCXkzQZnKlsFKqq7SPZghvzmaiYmqjlvlcmf4Idbm/IxMJXEPyLxpYrJw==
  dependencies:
    "@ckeditor/ckeditor5-core" "^34.1.0"
    "@ckeditor/ckeditor5-utils" "^34.1.0"
    lodash-es "^4.17.15"

"@ckeditor/ckeditor5-undo@^34.1.0":
  version "34.1.0"
  resolved "https://registry.npmjs.org/@ckeditor/ckeditor5-undo/-/ckeditor5-undo-34.1.0.tgz"
  integrity sha512-+NXfCtbPeaacXWc54qQwGE2GT7chThqb5I8FqysD3kfM1q2mvzbFGMO9ADqz/uG3HgAViqbkxqnZOgziZeOkog==
  dependencies:
    "@ckeditor/ckeditor5-core" "^34.1.0"
    "@ckeditor/ckeditor5-engine" "^34.1.0"
    "@ckeditor/ckeditor5-ui" "^34.1.0"

"@ckeditor/ckeditor5-upload@^34.1.0":
  version "34.1.0"
  resolved "https://registry.npmjs.org/@ckeditor/ckeditor5-upload/-/ckeditor5-upload-34.1.0.tgz"
  integrity sha512-Wxy0ucz4k0zD9ulpDGzlBb8z3JJRZ93UXfie5GFUUEN4M5nPH5oIt8eaV3hDkzqvyIubq/HOOsqYW6js7KtWsw==
  dependencies:
    "@ckeditor/ckeditor5-core" "^34.1.0"
    "@ckeditor/ckeditor5-ui" "^34.1.0"
    "@ckeditor/ckeditor5-utils" "^34.1.0"

"@ckeditor/ckeditor5-utils@^34.1.0":
  version "34.1.0"
  resolved "https://registry.npmjs.org/@ckeditor/ckeditor5-utils/-/ckeditor5-utils-34.1.0.tgz"
  integrity sha512-laXIFkcGeL3NRG1zVNaiZNOcjHnLVqs2gvp6PaBaw6HigZdQWzPIA07FRfamIajMryG29vgcatBYAYgutKlPhQ==
  dependencies:
    lodash-es "^4.17.15"

"@ckeditor/ckeditor5-widget@^34.1.0":
  version "34.1.0"
  resolved "https://registry.npmjs.org/@ckeditor/ckeditor5-widget/-/ckeditor5-widget-34.1.0.tgz"
  integrity sha512-9q/wouwZ760WPY5SZzAFj6aITqPHkQrNrokYzI1tN3A6VCcG4+3AJjgHE5TWWYLfFvqRK2WvSTV1Ntf6ztBa4w==
  dependencies:
    "@ckeditor/ckeditor5-core" "^34.1.0"
    "@ckeditor/ckeditor5-engine" "^34.1.0"
    "@ckeditor/ckeditor5-enter" "^34.1.0"
    "@ckeditor/ckeditor5-typing" "^34.1.0"
    "@ckeditor/ckeditor5-ui" "^34.1.0"
    "@ckeditor/ckeditor5-utils" "^34.1.0"
    lodash-es "^4.17.15"

"@mui/icons-material@^5.8.4":
  version "5.8.4"
  resolved "https://registry.yarnpkg.com/@mui/icons-material/-/icons-material-5.8.4.tgz#3f2907c9f8f5ce4d754cb8fb4b68b5a1abf4d095"
  integrity sha512-9Z/vyj2szvEhGWDvb+gG875bOGm8b8rlHBKOD1+nA3PcgC3fV6W1AU6pfOorPeBfH2X4mb9Boe97vHvaSndQvA==
  dependencies:
    "@babel/runtime" "^7.17.2"

<<<<<<< HEAD
=======
accepts@~1.3.8:
  version "1.3.8"
  resolved "https://registry.yarnpkg.com/accepts/-/accepts-1.3.8.tgz#0bf0be125b67014adcb0b0921e62db7bffe16b2e"
  integrity sha512-PYAthTa2m2VKxuvSD3DPC/Gy+U+sOA1LAuT8mkmRuvw+NACSaeXEQ+NHcVF7rONl6qcaxV3Uuemwawk+7+SJLw==
  dependencies:
    mime-types "~2.1.34"
    negotiator "0.6.3"

array-flatten@1.1.1:
  version "1.1.1"
  resolved "https://registry.yarnpkg.com/array-flatten/-/array-flatten-1.1.1.tgz#9a5f699051b1e7073328f2a008968b64ea2955d2"
  integrity sha512-PCVAQswWemu6UdxsDFFX/+gVeYqKAod3D3UVm91jHwynguOwAvYPhx8nNlM++NqRcK6CxxpUafjmhIdKiHibqg==

>>>>>>> main
asap@~2.0.3:
  version "2.0.6"
  resolved "https://registry.npmjs.org/asap/-/asap-2.0.6.tgz"
  integrity sha512-BSHWgDSAiKs50o2Re8ppvp3seVHXSRM44cdSsT9FfNEUUZLOGWVCsiWaRPWM1Znn+mqZ1OfVZ3z3DWEzSp7hRA==

asynckit@^0.4.0:
  version "0.4.0"
  resolved "https://registry.npmjs.org/asynckit/-/asynckit-0.4.0.tgz"
  integrity sha512-Oei9OH4tRh0YqU3GxhX79dM/mwVgvbZJaSNaRk+bshkj0S5cfHcgYakreBjrHwatXKbz+IoIdYLxrKim2MjW0Q==

axios@0.25.0:
  version "0.25.0"
  resolved "https://registry.npmjs.org/axios/-/axios-0.25.0.tgz"
  integrity sha512-cD8FOb0tRH3uuEe6+evtAbgJtfxr7ly3fQjYcMcuPlgkwVS9xboaVIpcDV+cYQe+yGykgwZCs1pzjntcGa6l5g==
  dependencies:
    follow-redirects "^1.14.7"

axios@^0.27.2:
  version "0.27.2"
  resolved "https://registry.yarnpkg.com/axios/-/axios-0.27.2.tgz#207658cc8621606e586c85db4b41a750e756d972"
  integrity sha512-t+yRIyySRTp/wua5xEr+z1q60QmLq8ABsS5O9Me1AsE5dfKqgnCFzwiCZZ/cGNd1lq4/7akDWMxdhVlucjmnOQ==
  dependencies:
    follow-redirects "^1.14.9"
    form-data "^4.0.0"

body-parser@1.20.0:
  version "1.20.0"
  resolved "https://registry.yarnpkg.com/body-parser/-/body-parser-1.20.0.tgz#3de69bd89011c11573d7bfee6a64f11b6bd27cc5"
  integrity sha512-DfJ+q6EPcGKZD1QWUjSpqp+Q7bDQTsQIF4zfUAtZ6qk+H/3/QRhg9CEp39ss+/T2vw0+HaidC0ecJj/DRLIaKg==
  dependencies:
    bytes "3.1.2"
    content-type "~1.0.4"
    debug "2.6.9"
    depd "2.0.0"
    destroy "1.2.0"
    http-errors "2.0.0"
    iconv-lite "0.4.24"
    on-finished "2.4.1"
    qs "6.10.3"
    raw-body "2.5.1"
    type-is "~1.6.18"
    unpipe "1.0.0"

bytes@3.1.2:
  version "3.1.2"
  resolved "https://registry.yarnpkg.com/bytes/-/bytes-3.1.2.tgz#8b0beeb98605adf1b128fa4386403c009e0221a5"
  integrity sha512-/Nf7TyzTx6S3yRJObOAV7956r8cr2+Oj8AC5dt8wSP3BQAoeX58NoHyCU8P8zGkNXStjTSi6fzO6F0pBdcYbEg==

call-bind@^1.0.0:
  version "1.0.2"
  resolved "https://registry.yarnpkg.com/call-bind/-/call-bind-1.0.2.tgz#b1d4e89e688119c3c9a903ad30abb2f6a919be3c"
  integrity sha512-7O+FbCihrB5WGbFYesctwmTKae6rOiIzmz1icreWJ+0aA7LJfuqhEso2T9ncpcFtzMQtzXf2QGGueWJGTYsqrA==
  dependencies:
    function-bind "^1.1.1"
    get-intrinsic "^1.0.2"

ckeditor5@^34.1.0:
  version "34.1.0"
  resolved "https://registry.npmjs.org/ckeditor5/-/ckeditor5-34.1.0.tgz"
  integrity sha512-bWcmXEx4C7AC+FywiTrhbs63mUc8vwEualSDzyJIZLd5HULLznqJwjeON/icKtzCiBLEeUFoeDHLC5yWAEj8sA==
  dependencies:
    "@ckeditor/ckeditor5-clipboard" "^34.1.0"
    "@ckeditor/ckeditor5-core" "^34.1.0"
    "@ckeditor/ckeditor5-engine" "^34.1.0"
    "@ckeditor/ckeditor5-enter" "^34.1.0"
    "@ckeditor/ckeditor5-paragraph" "^34.1.0"
    "@ckeditor/ckeditor5-select-all" "^34.1.0"
    "@ckeditor/ckeditor5-typing" "^34.1.0"
    "@ckeditor/ckeditor5-ui" "^34.1.0"
    "@ckeditor/ckeditor5-undo" "^34.1.0"
    "@ckeditor/ckeditor5-upload" "^34.1.0"
    "@ckeditor/ckeditor5-utils" "^34.1.0"
    "@ckeditor/ckeditor5-widget" "^34.1.0"

classnames@^2.2.6:
  version "2.3.1"
  resolved "https://registry.npmjs.org/classnames/-/classnames-2.3.1.tgz"
  integrity sha512-OlQdbZ7gLfGarSqxesMesDa5uz7KFbID8Kpq/SxIoNGDqY8lSYs0D+hhtBXhcdB3rcbXArFr7vlHheLk1voeNA==

combined-stream@^1.0.8:
  version "1.0.8"
  resolved "https://registry.npmjs.org/combined-stream/-/combined-stream-1.0.8.tgz"
  integrity sha512-FQN4MRfuJeHf7cBbBMJFXhKSDq+2kAArBlmRBvcvFE5BB1HZKXtSFASDhdlz9zOYwxh8lDdnvmMOe/+5cdoEdg==
  dependencies:
    delayed-stream "~1.0.0"

content-disposition@0.5.4:
  version "0.5.4"
  resolved "https://registry.yarnpkg.com/content-disposition/-/content-disposition-0.5.4.tgz#8b82b4efac82512a02bb0b1dcec9d2c5e8eb5bfe"
  integrity sha512-FveZTNuGw04cxlAiWbzi6zTAL/lhehaWbTtgluJh4/E95DqMwTmha3KZN1aAWA8cFIhHzMZUvLevkw5Rqk+tSQ==
  dependencies:
    safe-buffer "5.2.1"

content-type@~1.0.4:
  version "1.0.4"
  resolved "https://registry.yarnpkg.com/content-type/-/content-type-1.0.4.tgz#e138cc75e040c727b1966fe5e5f8c9aee256fe3b"
  integrity sha512-hIP3EEPs8tB9AT1L+NUqtwOAps4mk2Zob89MWXMHjHWg9milF/j4osnnQLXBCBFBk/tvIG/tUc9mOUJiPBhPXA==

cookie-signature@1.0.6:
  version "1.0.6"
  resolved "https://registry.yarnpkg.com/cookie-signature/-/cookie-signature-1.0.6.tgz#e303a882b342cc3ee8ca513a79999734dab3ae2c"
  integrity sha512-QADzlaHc8icV8I7vbaJXJwod9HWYp8uCqf1xa4OfNu1T7JVxQIrUgOWtHdNDtPiywmFbiS12VjotIXLrKM3orQ==

cookie@0.5.0:
  version "0.5.0"
  resolved "https://registry.yarnpkg.com/cookie/-/cookie-0.5.0.tgz#d1f5d71adec6558c58f389987c366aa47e994f8b"
  integrity sha512-YZ3GUyn/o8gfKJlnlX7g7xq4gyO6OSuhGPKaaGssGB2qgDUS0gPgtTvoyZLTt9Ab6dC4hfc9dV5arkvc/OCmrw==

core-js@^3.6.4:
  version "3.23.2"
  resolved "https://registry.npmjs.org/core-js/-/core-js-3.23.2.tgz"
  integrity sha512-ELJOWxNrJfOH/WK4VJ3Qd+fOqZuOuDNDJz0xG6Bt4mGg2eO/UT9CljCrbqDGovjLKUrGajEEBcoTOc0w+yBYeQ==

cors@^2.8.5:
  version "2.8.5"
  resolved "https://registry.yarnpkg.com/cors/-/cors-2.8.5.tgz#eac11da51592dd86b9f06f6e7ac293b3df875d29"
  integrity sha512-KIHbLJqu73RGr/hnbrO9uBeixNGuvSQjul/jdFvS/KFSIH1hWVd1ng7zOHx+YrEfInLG7q4n6GHQ9cDtxv/P6g==
  dependencies:
    object-assign "^4"
    vary "^1"

cross-fetch@^3.0.4:
  version "3.1.5"
  resolved "https://registry.npmjs.org/cross-fetch/-/cross-fetch-3.1.5.tgz"
  integrity sha512-lvb1SBsI0Z7GDwmuid+mU3kWVBwTVUbe7S0H52yaaAdQOXq2YktTCZdlAcNKFzE6QtRz0snpw9bNiPeOIkkQvw==
  dependencies:
    node-fetch "2.6.7"

debug@2.6.9:
  version "2.6.9"
  resolved "https://registry.yarnpkg.com/debug/-/debug-2.6.9.tgz#5d128515df134ff327e90a4c93f4e077a536341f"
  integrity sha512-bC7ElrdJaJnPbAP+1EotYvqZsb3ecl5wi6Bfi6BJTUcNowp6cvspg0jXznRTKDjm/E7AdgFBVeAPVMNcKGsHMA==
  dependencies:
    ms "2.0.0"

deepai@^1.0.21:
  version "1.0.21"
  resolved "https://registry.npmjs.org/deepai/-/deepai-1.0.21.tgz"
  integrity sha512-4rB4VlSM5gfkeJOrl4euqrpFF/0eMgCW1TFpqwye9x+f+bXV/pTCcIlXYF9O6cX/WJLx41UvnNVAMadrsjNQZw==
  dependencies:
    axios "0.25.0"
    form-data "4.0.0"

delayed-stream@~1.0.0:
  version "1.0.0"
  resolved "https://registry.npmjs.org/delayed-stream/-/delayed-stream-1.0.0.tgz"
  integrity sha512-ZySD7Nf91aLB0RxL4KGrKHBXl7Eds1DAmEdcoVawXnLD7SDhpNgtuII2aAkg7a7QS41jxPSZ17p4VdGnMHk3MQ==

depd@2.0.0:
  version "2.0.0"
  resolved "https://registry.yarnpkg.com/depd/-/depd-2.0.0.tgz#b696163cc757560d09cf22cc8fad1571b79e76df"
  integrity sha512-g7nH6P6dyDioJogAAGprGpCtVImJhpPk/roCzdb3fIh61/s/nPsfR6onyMwkCAR/OlC3yBC0lESvUoQEAssIrw==

destroy@1.2.0:
  version "1.2.0"
  resolved "https://registry.yarnpkg.com/destroy/-/destroy-1.2.0.tgz#4803735509ad8be552934c67df614f94e66fa015"
  integrity sha512-2sJGJTaXIIaR1w4iJSNoN0hnMY7Gpc/n8D4qSCJw8QqFWXf7cuAgnEHxBpweaVcPevC2l3KpjYCx3NypQQgaJg==

draft-js@^0.11.7:
  version "0.11.7"
  resolved "https://registry.npmjs.org/draft-js/-/draft-js-0.11.7.tgz"
  integrity sha512-ne7yFfN4sEL82QPQEn80xnADR8/Q6ALVworbC5UOSzOvjffmYfFsr3xSZtxbIirti14R7Y33EZC5rivpLgIbsg==
  dependencies:
    fbjs "^2.0.0"
    immutable "~3.7.4"
    object-assign "^4.1.1"

draftjs-utils@^0.10.2:
  version "0.10.2"
  resolved "https://registry.npmjs.org/draftjs-utils/-/draftjs-utils-0.10.2.tgz"
  integrity sha512-EstHqr3R3JVcilJrBaO/A+01GvwwKmC7e4TCjC7S94ZeMh4IVmf60OuQXtHHpwItK8C2JCi3iljgN5KHkJboUg==

ee-first@1.1.1:
  version "1.1.1"
  resolved "https://registry.yarnpkg.com/ee-first/-/ee-first-1.1.1.tgz#590c61156b0ae2f4f0255732a158b266bc56b21d"
  integrity sha512-WMwm9LhRUo+WUaRN+vRuETqG89IgZphVSNkdFgeb6sS/E4OrDIN7t48CAewSHXc6C8lefD8KKfr5vY61brQlow==

encodeurl@~1.0.2:
  version "1.0.2"
  resolved "https://registry.yarnpkg.com/encodeurl/-/encodeurl-1.0.2.tgz#ad3ff4c86ec2d029322f5a02c3a9a606c95b3f59"
  integrity sha512-TPJXq8JqFaVYm2CWmPvnP2Iyo4ZSM7/QKcSmuMLDObfpH5fi7RUGmd/rTDf+rut/saiDiQEeVTNgAmJEdAOx0w==

escape-html@~1.0.3:
  version "1.0.3"
  resolved "https://registry.yarnpkg.com/escape-html/-/escape-html-1.0.3.tgz#0258eae4d3d0c0974de1c169188ef0051d1d1988"
  integrity sha512-NiSupZ4OeuGwr68lGIeym/ksIZMJodUGOSCZ/FSnTxcrekbvqrgdUxlJOMpijaKZVjAJrWrGs/6Jy8OMuyj9ow==

etag@~1.8.1:
  version "1.8.1"
  resolved "https://registry.yarnpkg.com/etag/-/etag-1.8.1.tgz#41ae2eeb65efa62268aebfea83ac7d79299b0887"
  integrity sha512-aIL5Fx7mawVa300al2BnEE4iNvo1qETxLrPI/o05L7z6go7fCw1J6EQmbK4FmJ2AS7kgVF/KEZWufBfdClMcPg==

express@^4.18.1:
  version "4.18.1"
  resolved "https://registry.yarnpkg.com/express/-/express-4.18.1.tgz#7797de8b9c72c857b9cd0e14a5eea80666267caf"
  integrity sha512-zZBcOX9TfehHQhtupq57OF8lFZ3UZi08Y97dwFCkD8p9d/d2Y3M+ykKcwaMDEL+4qyUolgBDX6AblpR3fL212Q==
  dependencies:
    accepts "~1.3.8"
    array-flatten "1.1.1"
    body-parser "1.20.0"
    content-disposition "0.5.4"
    content-type "~1.0.4"
    cookie "0.5.0"
    cookie-signature "1.0.6"
    debug "2.6.9"
    depd "2.0.0"
    encodeurl "~1.0.2"
    escape-html "~1.0.3"
    etag "~1.8.1"
    finalhandler "1.2.0"
    fresh "0.5.2"
    http-errors "2.0.0"
    merge-descriptors "1.0.1"
    methods "~1.1.2"
    on-finished "2.4.1"
    parseurl "~1.3.3"
    path-to-regexp "0.1.7"
    proxy-addr "~2.0.7"
    qs "6.10.3"
    range-parser "~1.2.1"
    safe-buffer "5.2.1"
    send "0.18.0"
    serve-static "1.15.0"
    setprototypeof "1.2.0"
    statuses "2.0.1"
    type-is "~1.6.18"
    utils-merge "1.0.1"
    vary "~1.1.2"

fbjs-css-vars@^1.0.0:
  version "1.0.2"
  resolved "https://registry.npmjs.org/fbjs-css-vars/-/fbjs-css-vars-1.0.2.tgz"
  integrity sha512-b2XGFAFdWZWg0phtAWLHCk836A1Xann+I+Dgd3Gk64MHKZO44FfoD1KxyvbSh0qZsIoXQGGlVztIY+oitJPpRQ==

fbjs@^2.0.0:
  version "2.0.0"
  resolved "https://registry.npmjs.org/fbjs/-/fbjs-2.0.0.tgz"
  integrity sha512-8XA8ny9ifxrAWlyhAbexXcs3rRMtxWcs3M0lctLfB49jRDHiaxj+Mo0XxbwE7nKZYzgCFoq64FS+WFd4IycPPQ==
  dependencies:
    core-js "^3.6.4"
    cross-fetch "^3.0.4"
    fbjs-css-vars "^1.0.0"
    loose-envify "^1.0.0"
    object-assign "^4.1.0"
    promise "^7.1.1"
    setimmediate "^1.0.5"
    ua-parser-js "^0.7.18"

finalhandler@1.2.0:
  version "1.2.0"
  resolved "https://registry.yarnpkg.com/finalhandler/-/finalhandler-1.2.0.tgz#7d23fe5731b207b4640e4fcd00aec1f9207a7b32"
  integrity sha512-5uXcUVftlQMFnWC9qu/svkWv3GTd2PfUhK/3PLkYNAe7FbqJMt3515HaxE6eRL74GdsriiwujiawdaB1BpEISg==
  dependencies:
    debug "2.6.9"
    encodeurl "~1.0.2"
    escape-html "~1.0.3"
    on-finished "2.4.1"
    parseurl "~1.3.3"
    statuses "2.0.1"
    unpipe "~1.0.0"

follow-redirects@^1.14.7, follow-redirects@^1.14.9:
  version "1.15.1"
  resolved "https://registry.npmjs.org/follow-redirects/-/follow-redirects-1.15.1.tgz"
  integrity sha512-yLAMQs+k0b2m7cVxpS1VKJVvoz7SS9Td1zss3XRwXj+ZDH00RJgnuLx7E44wx02kQLrdM3aOOy+FpzS7+8OizA==

form-data@4.0.0, form-data@^4.0.0:
  version "4.0.0"
  resolved "https://registry.npmjs.org/form-data/-/form-data-4.0.0.tgz"
  integrity sha512-ETEklSGi5t0QMZuiXoA/Q6vcnxcLQP5vdugSpuAyi6SVGi2clPPp+xgEhuMaHC+zGgn31Kd235W35f7Hykkaww==
  dependencies:
    asynckit "^0.4.0"
    combined-stream "^1.0.8"
    mime-types "^2.1.12"

forwarded@0.2.0:
  version "0.2.0"
  resolved "https://registry.yarnpkg.com/forwarded/-/forwarded-0.2.0.tgz#2269936428aad4c15c7ebe9779a84bf0b2a81811"
  integrity sha512-buRG0fpBtRHSTCOASe6hD258tEubFoRLb4ZNA6NxMVHNw2gOcwHo9wyablzMzOA5z9xA9L1KNjk/Nt6MT9aYow==

fresh@0.5.2:
  version "0.5.2"
  resolved "https://registry.yarnpkg.com/fresh/-/fresh-0.5.2.tgz#3d8cadd90d976569fa835ab1f8e4b23a105605a7"
  integrity sha512-zJ2mQYM18rEFOudeV4GShTGIQ7RbzA7ozbU9I/XBpm7kqgMywgmylMwXHxZJmkVoYkna9d2pVXVXPdYTP9ej8Q==

function-bind@^1.1.1:
  version "1.1.1"
  resolved "https://registry.yarnpkg.com/function-bind/-/function-bind-1.1.1.tgz#a56899d3ea3c9bab874bb9773b7c5ede92f4895d"
  integrity sha512-yIovAzMX49sF8Yl58fSCWJ5svSLuaibPxXQJFLmBObTuCr0Mf1KiPopGM9NiFjiYBCbfaa2Fh6breQ6ANVTI0A==

get-intrinsic@^1.0.2:
  version "1.1.2"
  resolved "https://registry.yarnpkg.com/get-intrinsic/-/get-intrinsic-1.1.2.tgz#336975123e05ad0b7ba41f152ee4aadbea6cf598"
  integrity sha512-Jfm3OyCxHh9DJyc28qGk+JmfkpO41A4XkneDSujN9MDXrm4oDKdHvndhZ2dN94+ERNfkYJWDclW6k2L/ZGHjXA==
  dependencies:
    function-bind "^1.1.1"
    has "^1.0.3"
    has-symbols "^1.0.3"

has-symbols@^1.0.3:
  version "1.0.3"
  resolved "https://registry.yarnpkg.com/has-symbols/-/has-symbols-1.0.3.tgz#bb7b2c4349251dce87b125f7bdf874aa7c8b39f8"
  integrity sha512-l3LCuF6MgDNwTDKkdYGEihYjt5pRPbEg46rtlmnSPlUbgmB8LOIrKJbYYFBSbnPaJexMKtiPO8hmeRjRz2Td+A==

has@^1.0.3:
  version "1.0.3"
  resolved "https://registry.yarnpkg.com/has/-/has-1.0.3.tgz#722d7cbfc1f6aa8241f16dd814e011e1f41e8796"
  integrity sha512-f2dvO0VU6Oej7RkWJGrehjbzMAjFp5/VKPp5tTpWIV4JHHZK1/BxbFRtf/siA2SWTe09caDmVtYYzWEIbBS4zw==
  dependencies:
    function-bind "^1.1.1"

html-to-draftjs@^1.5.0:
  version "1.5.0"
  resolved "https://registry.npmjs.org/html-to-draftjs/-/html-to-draftjs-1.5.0.tgz"
  integrity sha512-kggLXBNciKDwKf+KYsuE+V5gw4dZ7nHyGMX9m0wy7urzWjKGWyNFetmArRLvRV0VrxKN70WylFsJvMTJx02OBQ==

http-errors@2.0.0:
  version "2.0.0"
  resolved "https://registry.yarnpkg.com/http-errors/-/http-errors-2.0.0.tgz#b7774a1486ef73cf7667ac9ae0858c012c57b9d3"
  integrity sha512-FtwrG/euBzaEjYeRqOgly7G0qviiXoJWnvEH2Z1plBdXgbyjv34pHTSb9zoeHMyDy33+DWy5Wt9Wo+TURtOYSQ==
  dependencies:
    depd "2.0.0"
    inherits "2.0.4"
    setprototypeof "1.2.0"
    statuses "2.0.1"
    toidentifier "1.0.1"

iconv-lite@0.4.24:
  version "0.4.24"
  resolved "https://registry.yarnpkg.com/iconv-lite/-/iconv-lite-0.4.24.tgz#2022b4b25fbddc21d2f524974a474aafe733908b"
  integrity sha512-v3MXnZAcvnywkTUEZomIActle7RXXeedOR31wwl7VlyoXO4Qi9arvSenNQWne1TcRwhCL1HwLI21bEqdpj8/rA==
  dependencies:
    safer-buffer ">= 2.1.2 < 3"

immutable@~3.7.4:
  version "3.7.6"
  resolved "https://registry.npmjs.org/immutable/-/immutable-3.7.6.tgz"
  integrity sha512-AizQPcaofEtO11RZhPPHBOJRdo/20MKQF9mBLnVkBoyHi1/zXK8fzVdnEpSV9gxqtnh6Qomfp3F0xT5qP/vThw==

inherits@2.0.4:
  version "2.0.4"
  resolved "https://registry.yarnpkg.com/inherits/-/inherits-2.0.4.tgz#0fa2c64f932917c3433a0ded55363aae37416b7c"
  integrity sha512-k/vGaX4/Yla3WzyMCvTQOXYeIHvqOKtnqBduzTHpzpQZzAskKMhZ2K+EnBiSM9zGSoIFeMpXKxa4dYeZIQqewQ==

ipaddr.js@1.9.1:
  version "1.9.1"
  resolved "https://registry.yarnpkg.com/ipaddr.js/-/ipaddr.js-1.9.1.tgz#bff38543eeb8984825079ff3a2a8e6cbd46781b3"
  integrity sha512-0KI/607xoxSToH7GjN1FfSbLoU0+btTicjsQSWQlh/hZykN8KpmMf7uYwPW3R+akZ6R/w18ZlXSHBYXiYUPO3g==

"js-tokens@^3.0.0 || ^4.0.0":
  version "4.0.0"
  resolved "https://registry.npmjs.org/js-tokens/-/js-tokens-4.0.0.tgz"
  integrity sha512-RdJUflcE3cUzKiMqQgsCu06FPu9UdIJO0beYbPhHN4k6apgJtifcoCtT9bcxOpYBtpD2kCM6Sbzg4CausW/PKQ==

linkify-it@^2.2.0:
  version "2.2.0"
  resolved "https://registry.npmjs.org/linkify-it/-/linkify-it-2.2.0.tgz"
  integrity sha512-GnAl/knGn+i1U/wjBz3akz2stz+HrHLsxMwHQGofCDfPvlf+gDKN58UtfmUquTY4/MXeE2x7k19KQmeoZi94Iw==
  dependencies:
    uc.micro "^1.0.1"

lodash-es@^4.17.11, lodash-es@^4.17.15:
  version "4.17.21"
  resolved "https://registry.npmjs.org/lodash-es/-/lodash-es-4.17.21.tgz"
  integrity sha512-mKnC+QJ9pWVzv+C4/U3rRsHapFfHvQFoFB92e52xeyGMcX6/OlIl78je1u8vePzYZSkkogMPJ2yjxxsb89cxyw==

loose-envify@^1.0.0, loose-envify@^1.4.0:
  version "1.4.0"
  resolved "https://registry.npmjs.org/loose-envify/-/loose-envify-1.4.0.tgz"
  integrity sha512-lyuxPGr/Wfhrlem2CL/UcnUc1zcqKAImBDzukY7Y5F/yQiNdko6+fRLevlw1HgMySw7f611UIY408EtxRSoK3Q==
  dependencies:
    js-tokens "^3.0.0 || ^4.0.0"

media-typer@0.3.0:
  version "0.3.0"
  resolved "https://registry.yarnpkg.com/media-typer/-/media-typer-0.3.0.tgz#8710d7af0aa626f8fffa1ce00168545263255748"
  integrity sha512-dq+qelQ9akHpcOl/gUVRTxVIOkAJ1wR3QAvb4RsVjS8oVoFjDGTc679wJYmUmknUF5HwMLOgb5O+a3KxfWapPQ==

merge-descriptors@1.0.1:
  version "1.0.1"
  resolved "https://registry.yarnpkg.com/merge-descriptors/-/merge-descriptors-1.0.1.tgz#b00aaa556dd8b44568150ec9d1b953f3f90cbb61"
  integrity sha512-cCi6g3/Zr1iqQi6ySbseM1Xvooa98N0w31jzUYrXPX2xqObmFGHJ0tQ5u74H3mVh7wLouTseZyYIq39g8cNp1w==

methods@~1.1.2:
  version "1.1.2"
  resolved "https://registry.yarnpkg.com/methods/-/methods-1.1.2.tgz#5529a4d67654134edcc5266656835b0f851afcee"
  integrity sha512-iclAHeNqNm68zFtnZ0e+1L2yUIdvzNoauKU4WBA3VvH/vPFieF7qfRlwUZU+DA9P9bPXIS90ulxoUoCH23sV2w==

mime-db@1.52.0:
  version "1.52.0"
  resolved "https://registry.npmjs.org/mime-db/-/mime-db-1.52.0.tgz"
  integrity sha512-sPU4uV7dYlvtWJxwwxHD0PuihVNiE7TyAbQ5SWxDCB9mUYvOgroQOwYQQOKPJ8CIbE+1ETVlOoK1UC2nU3gYvg==

mime-types@^2.1.12, mime-types@~2.1.24, mime-types@~2.1.34:
  version "2.1.35"
  resolved "https://registry.npmjs.org/mime-types/-/mime-types-2.1.35.tgz"
  integrity sha512-ZDY+bPm5zTTF+YpCrAU9nK0UgICYPT0QtT1NZWFv4s++TNkcgVaT0g6+4R2uI4MjQjzysHB1zxuWL50hzaeXiw==
  dependencies:
    mime-db "1.52.0"

mime@1.6.0:
  version "1.6.0"
  resolved "https://registry.yarnpkg.com/mime/-/mime-1.6.0.tgz#32cd9e5c64553bd58d19a568af452acff04981b1"
  integrity sha512-x0Vn8spI+wuJ1O6S7gnbaQg8Pxh4NNHb7KSINmEWKiPE4RKOplvijn+NkmYmmRgP68mc70j2EbeTFRsrswaQeg==

ms@2.0.0:
  version "2.0.0"
  resolved "https://registry.yarnpkg.com/ms/-/ms-2.0.0.tgz#5608aeadfc00be6c2901df5f9861788de0d597c8"
  integrity sha512-Tpp60P6IUJDTuOq/5Z8cdskzJujfwqfOTkrwIwj7IRISpnkJnT6SyJ4PCPnGMoFjC9ddhal5KVIYtAt97ix05A==

ms@2.1.3:
  version "2.1.3"
  resolved "https://registry.yarnpkg.com/ms/-/ms-2.1.3.tgz#574c8138ce1d2b5861f0b44579dbadd60c6615b2"
  integrity sha512-6FlzubTLZG3J2a/NVCAleEhjzq5oxgHyaCU9yYXvcLsvoVaHJq/s5xXI6/XXP6tz7R9xAOtHnSO/tXtF3WRTlA==

negotiator@0.6.3:
  version "0.6.3"
  resolved "https://registry.yarnpkg.com/negotiator/-/negotiator-0.6.3.tgz#58e323a72fedc0d6f9cd4d31fe49f51479590ccd"
  integrity sha512-+EUsqGPLsM+j/zdChZjsnX51g4XrHFOIXwfnCVPGlQk/k5giakcKsuxCObBRu6DSm9opw/O6slWbJdghQM4bBg==

node-fetch@2.6.7:
  version "2.6.7"
  resolved "https://registry.npmjs.org/node-fetch/-/node-fetch-2.6.7.tgz"
  integrity sha512-ZjMPFEfVx5j+y2yF35Kzx5sF7kDzxuDj6ziH4FFbOp87zKDZNx8yExJIb05OGF4Nlt9IHFIMBkRl41VdvcNdbQ==
  dependencies:
    whatwg-url "^5.0.0"

object-assign@^4, object-assign@^4.1.0, object-assign@^4.1.1:
  version "4.1.1"
  resolved "https://registry.npmjs.org/object-assign/-/object-assign-4.1.1.tgz"
  integrity sha512-rJgTQnkUnH1sFw8yT6VSU3zD3sWmu6sZhIseY8VX+GRu3P6F7Fu+JNDoXfklElbLJSnc3FUQHVe4cU5hj+BcUg==

object-inspect@^1.9.0:
  version "1.12.2"
  resolved "https://registry.yarnpkg.com/object-inspect/-/object-inspect-1.12.2.tgz#c0641f26394532f28ab8d796ab954e43c009a8ea"
  integrity sha512-z+cPxW0QGUp0mcqcsgQyLVRDoXFQbXOwBaqyF7VIgI4TWNQsDHrBpUQslRmIfAoYWdYzs6UlKJtB2XJpTaNSpQ==

on-finished@2.4.1:
  version "2.4.1"
  resolved "https://registry.yarnpkg.com/on-finished/-/on-finished-2.4.1.tgz#58c8c44116e54845ad57f14ab10b03533184ac3f"
  integrity sha512-oVlzkg3ENAhCk2zdv7IJwd/QUD4z2RxRwpkcGY8psCVcCYZNq4wYnVWALHM+brtuJjePWiYF/ClmuDr8Ch5+kg==
  dependencies:
    ee-first "1.1.1"

parseurl@~1.3.3:
  version "1.3.3"
  resolved "https://registry.yarnpkg.com/parseurl/-/parseurl-1.3.3.tgz#9da19e7bee8d12dff0513ed5b76957793bc2e8d4"
  integrity sha512-CiyeOxFT/JZyN5m0z9PfXw4SCBJ6Sygz1Dpl0wqjlhDEGGBP1GnsUVEL0p63hoG1fcj3fHynXi9NYO4nWOL+qQ==

path-to-regexp@0.1.7:
  version "0.1.7"
  resolved "https://registry.yarnpkg.com/path-to-regexp/-/path-to-regexp-0.1.7.tgz#df604178005f522f15eb4490e7247a1bfaa67f8c"
  integrity sha512-5DFkuoqlv1uYQKxy8omFBeJPQcdoE07Kv2sferDCrAq1ohOU+MSDswDIbnx3YAM60qIOnYa53wBhXW0EbMonrQ==

promise@^7.1.1:
  version "7.3.1"
  resolved "https://registry.npmjs.org/promise/-/promise-7.3.1.tgz"
  integrity sha512-nolQXZ/4L+bP/UGlkfaIujX9BKxGwmQ9OT4mOt5yvy8iK1h3wqTEJCijzGANTCCl9nWjY41juyAn2K3Q1hLLTg==
  dependencies:
    asap "~2.0.3"

prop-types@^15.7.2:
  version "15.8.1"
  resolved "https://registry.npmjs.org/prop-types/-/prop-types-15.8.1.tgz"
  integrity sha512-oj87CgZICdulUohogVAR7AjlC0327U4el4L6eAvOqCeudMDVU0NThNaV+b9Df4dXgSP1gXMTnPdhfe/2qDH5cg==
  dependencies:
    loose-envify "^1.4.0"
    object-assign "^4.1.1"
    react-is "^16.13.1"

proxy-addr@~2.0.7:
  version "2.0.7"
  resolved "https://registry.yarnpkg.com/proxy-addr/-/proxy-addr-2.0.7.tgz#f19fe69ceab311eeb94b42e70e8c2070f9ba1025"
  integrity sha512-llQsMLSUDUPT44jdrU/O37qlnifitDP+ZwrmmZcoSKyLKvtZxpyV0n2/bD/N4tBAAZ/gJEdZU7KMraoK1+XYAg==
  dependencies:
    forwarded "0.2.0"
    ipaddr.js "1.9.1"

qs@6.10.3:
  version "6.10.3"
  resolved "https://registry.yarnpkg.com/qs/-/qs-6.10.3.tgz#d6cde1b2ffca87b5aa57889816c5f81535e22e8e"
  integrity sha512-wr7M2E0OFRfIfJZjKGieI8lBKb7fRCH4Fv5KNPEs7gJ8jadvotdsS08PzOKR7opXhZ/Xkjtt3WF9g38drmyRqQ==
  dependencies:
    side-channel "^1.0.4"

range-parser@~1.2.1:
  version "1.2.1"
  resolved "https://registry.yarnpkg.com/range-parser/-/range-parser-1.2.1.tgz#3cf37023d199e1c24d1a55b84800c2f3e6468031"
  integrity sha512-Hrgsx+orqoygnmhFbKaHE6c296J+HTAQXoxEF6gNupROmmGJRoyzfG3ccAveqCBrwr/2yxQ5BVd/GTl5agOwSg==

raw-body@2.5.1:
  version "2.5.1"
  resolved "https://registry.yarnpkg.com/raw-body/-/raw-body-2.5.1.tgz#fe1b1628b181b700215e5fd42389f98b71392857"
  integrity sha512-qqJBtEyVgS0ZmPGdCFPWJ3FreoqvG4MVQln/kCgF7Olq95IbOp0/BWyMwbdtn4VTvkM8Y7khCQ2Xgk/tcrCXig==
  dependencies:
    bytes "3.1.2"
    http-errors "2.0.0"
    iconv-lite "0.4.24"
    unpipe "1.0.0"

react-draft-wysiwyg@^1.14.7:
  version "1.14.7"
  resolved "https://registry.npmjs.org/react-draft-wysiwyg/-/react-draft-wysiwyg-1.14.7.tgz"
  integrity sha512-D4X8F/ourvQZuqHzCQ6Vs6Tnt6TbGH58kvHQxC+aZGq+45ko2EyatL6G5C/paMaNKDZq2JRe7yAzykneMLpNOg==
  dependencies:
    classnames "^2.2.6"
    draftjs-utils "^0.10.2"
    html-to-draftjs "^1.5.0"
    linkify-it "^2.2.0"
    prop-types "^15.7.2"

react-is@^16.13.1:
  version "16.13.1"
  resolved "https://registry.npmjs.org/react-is/-/react-is-16.13.1.tgz"
  integrity sha512-24e6ynE2H+OKt4kqsOvNd8kBpV65zoxbA4BVsEOB3ARVWQki/DHzaUoC5KuON/BiccDaCCTZBuOcfZs70kR8bQ==

regenerator-runtime@^0.13.4:
  version "0.13.9"
  resolved "https://registry.yarnpkg.com/regenerator-runtime/-/regenerator-runtime-0.13.9.tgz#8925742a98ffd90814988d7566ad30ca3b263b52"
  integrity sha512-p3VT+cOEgxFsRRA9X4lkI1E+k2/CtnKtU4gcxyaCUreilL/vqI6CdZ3wxVUx3UOUg+gnUOQQcRI7BmSI656MYA==

<<<<<<< HEAD
=======
safe-buffer@5.2.1:
  version "5.2.1"
  resolved "https://registry.yarnpkg.com/safe-buffer/-/safe-buffer-5.2.1.tgz#1eaf9fa9bdb1fdd4ec75f58f9cdb4e6b7827eec6"
  integrity sha512-rp3So07KcdmmKbGvgaNxQSJr7bGVSVk5S9Eq1F+ppbRo70+YeaDxkw5Dd8NPN+GD6bjnYm2VuPuCXmpuYvmCXQ==

"safer-buffer@>= 2.1.2 < 3":
  version "2.1.2"
  resolved "https://registry.yarnpkg.com/safer-buffer/-/safer-buffer-2.1.2.tgz#44fa161b0187b9549dd84bb91802f9bd8385cd6a"
  integrity sha512-YZo3K82SD7Riyi0E1EQPojLz7kpepnSQI9IyPbHHg1XXXevb5dJI7tpyN2ADxGcQbHG7vcyRHk0cbwqcQriUtg==

send@0.18.0:
  version "0.18.0"
  resolved "https://registry.yarnpkg.com/send/-/send-0.18.0.tgz#670167cc654b05f5aa4a767f9113bb371bc706be"
  integrity sha512-qqWzuOjSFOuqPjFe4NOsMLafToQQwBSOEpS+FwEt3A2V3vKubTquT3vmLTQpFgMXp8AlFWFuP1qKaJZOtPpVXg==
  dependencies:
    debug "2.6.9"
    depd "2.0.0"
    destroy "1.2.0"
    encodeurl "~1.0.2"
    escape-html "~1.0.3"
    etag "~1.8.1"
    fresh "0.5.2"
    http-errors "2.0.0"
    mime "1.6.0"
    ms "2.1.3"
    on-finished "2.4.1"
    range-parser "~1.2.1"
    statuses "2.0.1"

serve-static@1.15.0:
  version "1.15.0"
  resolved "https://registry.yarnpkg.com/serve-static/-/serve-static-1.15.0.tgz#faaef08cffe0a1a62f60cad0c4e513cff0ac9540"
  integrity sha512-XGuRDNjXUijsUL0vl6nSD7cwURuzEgglbOaFuZM9g3kwDXOWVTck0jLzjPzGD+TazWbboZYu52/9/XPdUgne9g==
  dependencies:
    encodeurl "~1.0.2"
    escape-html "~1.0.3"
    parseurl "~1.3.3"
    send "0.18.0"

>>>>>>> main
setimmediate@^1.0.5:
  version "1.0.5"
  resolved "https://registry.npmjs.org/setimmediate/-/setimmediate-1.0.5.tgz"
  integrity sha512-MATJdZp8sLqDl/68LfQmbP8zKPLQNV6BIZoIgrscFDQ+RsvK/BxeDQOgyxKKoh0y/8h3BqVFnCqQ/gd+reiIXA==

setprototypeof@1.2.0:
  version "1.2.0"
  resolved "https://registry.yarnpkg.com/setprototypeof/-/setprototypeof-1.2.0.tgz#66c9a24a73f9fc28cbe66b09fed3d33dcaf1b424"
  integrity sha512-E5LDX7Wrp85Kil5bhZv46j8jOeboKq5JMmYM3gVGdGH8xFpPWXUMsNrlODCrkoxMEeNi/XZIwuRvY4XNwYMJpw==

side-channel@^1.0.4:
  version "1.0.4"
  resolved "https://registry.yarnpkg.com/side-channel/-/side-channel-1.0.4.tgz#efce5c8fdc104ee751b25c58d4290011fa5ea2cf"
  integrity sha512-q5XPytqFEIKHkGdiMIrY10mvLRvnQh42/+GoBlFW3b2LXLE2xxJpZFdm94we0BaoV3RwJyGqg5wS7epxTv0Zvw==
  dependencies:
    call-bind "^1.0.0"
    get-intrinsic "^1.0.2"
    object-inspect "^1.9.0"

statuses@2.0.1:
  version "2.0.1"
  resolved "https://registry.yarnpkg.com/statuses/-/statuses-2.0.1.tgz#55cb000ccf1d48728bd23c685a063998cf1a1b63"
  integrity sha512-RwNA9Z/7PrK06rYLIzFMlaF+l73iwpzsqRIFgbMLbTcLD6cOao82TaWefPXQvB2fOC4AjuYSEndS7N/mTCbkdQ==

toidentifier@1.0.1:
  version "1.0.1"
  resolved "https://registry.yarnpkg.com/toidentifier/-/toidentifier-1.0.1.tgz#3be34321a88a820ed1bd80dfaa33e479fbb8dd35"
  integrity sha512-o5sSPKEkg/DIQNmH43V0/uerLrpzVedkUh8tGNvaeXpfpuwjKenlSox/2O/BTlZUtEe+JG7s5YhEz608PlAHRA==

tr46@~0.0.3:
  version "0.0.3"
  resolved "https://registry.npmjs.org/tr46/-/tr46-0.0.3.tgz"
  integrity sha512-N3WMsuqV66lT30CrXNbEjx4GEwlow3v6rr4mCcv6prnfwhS01rkgyFdjPNBYd9br7LpXV1+Emh01fHnq2Gdgrw==

type-is@~1.6.18:
  version "1.6.18"
  resolved "https://registry.yarnpkg.com/type-is/-/type-is-1.6.18.tgz#4e552cd05df09467dcbc4ef739de89f2cf37c131"
  integrity sha512-TkRKr9sUTxEH8MdfuCSP7VizJyzRNMjj2J2do2Jr3Kym598JVdEksuzPQCnlFPW4ky9Q+iA+ma9BGm06XQBy8g==
  dependencies:
    media-typer "0.3.0"
    mime-types "~2.1.24"

ua-parser-js@^0.7.18:
  version "0.7.31"
  resolved "https://registry.npmjs.org/ua-parser-js/-/ua-parser-js-0.7.31.tgz"
  integrity sha512-qLK/Xe9E2uzmYI3qLeOmI0tEOt+TBBQyUIAh4aAgU05FVYzeZrKUdkAZfBNVGRaHVgV0TDkdEngJSw/SyQchkQ==

uc.micro@^1.0.1:
  version "1.0.6"
  resolved "https://registry.npmjs.org/uc.micro/-/uc.micro-1.0.6.tgz"
  integrity sha512-8Y75pvTYkLJW2hWQHXxoqRgV7qb9B+9vFEtidML+7koHUFapnVJAZ6cKs+Qjz5Aw3aZWHMC6u0wJE3At+nSGwA==

unpipe@1.0.0, unpipe@~1.0.0:
  version "1.0.0"
  resolved "https://registry.yarnpkg.com/unpipe/-/unpipe-1.0.0.tgz#b2bf4ee8514aae6165b4817829d21b2ef49904ec"
  integrity sha512-pjy2bYhSsufwWlKwPc+l3cN7+wuJlK6uz0YdJEOlQDbl6jo/YlPi4mb8agUkVC8BF7V8NuzeyPNqRksA3hztKQ==

utils-merge@1.0.1:
  version "1.0.1"
  resolved "https://registry.yarnpkg.com/utils-merge/-/utils-merge-1.0.1.tgz#9f95710f50a267947b2ccc124741c1028427e713"
  integrity sha512-pMZTvIkT1d+TFGvDOqodOclx0QWkkgi6Tdoa8gC8ffGAAqz9pzPTZWAybbsHHoED/ztMtkv/VoYTYyShUn81hA==

vary@^1, vary@~1.1.2:
  version "1.1.2"
  resolved "https://registry.yarnpkg.com/vary/-/vary-1.1.2.tgz#2299f02c6ded30d4a5961b0b9f74524a18f634fc"
  integrity sha512-BNGbWLfd0eUPabhkXUVm0j8uuvREyTh5ovRa/dyow/BqAbZJyC+5fU+IzQOzmAKzYqYRAISoRhdQr3eIZ/PXqg==

webidl-conversions@^3.0.0:
  version "3.0.1"
  resolved "https://registry.npmjs.org/webidl-conversions/-/webidl-conversions-3.0.1.tgz"
  integrity sha512-2JAn3z8AR6rjK8Sm8orRC0h/bcl/DqL7tRPdGZ4I1CjdF+EaMLmYxBHyXuKL849eucPFhvBoxMsflfOb8kxaeQ==

whatwg-url@^5.0.0:
  version "5.0.0"
  resolved "https://registry.npmjs.org/whatwg-url/-/whatwg-url-5.0.0.tgz"
  integrity sha512-saE57nupxk6v3HY35+jzBwYa0rKSy0XR8JSxZPwgLr7ys0IBzhGviA1/TUGJLmSVqs8pb9AnvICXEuOHLprYTw==
  dependencies:
    tr46 "~0.0.3"
    webidl-conversions "^3.0.0"
