# THIS IS AN AUTOGENERATED FILE. DO NOT EDIT THIS FILE DIRECTLY.
# yarn lockfile v1


"@ckeditor/ckeditor5-adapter-ckfinder@^34.1.0":
  version "34.1.0"
  resolved "https://registry.yarnpkg.com/@ckeditor/ckeditor5-adapter-ckfinder/-/ckeditor5-adapter-ckfinder-34.1.0.tgz#54c2934e690accc87f4e870f9a2d5787653ececf"
  integrity sha512-5KpImfDl4cyOMjsdYxVZs4IA+ggWs3/khOaH+QNvCR45JopSLnHYTW9X6z1BsENPgVvkD7X2SWxTeM0Q4pRraA==
  dependencies:
    ckeditor5 "^34.1.0"

"@ckeditor/ckeditor5-autoformat@^34.1.0":
  version "34.1.0"
  resolved "https://registry.yarnpkg.com/@ckeditor/ckeditor5-autoformat/-/ckeditor5-autoformat-34.1.0.tgz#5f4029548cd5a9b679036ab0c3448983a26297fa"
  integrity sha512-qt0yO2xNQJQjzNVhTN7xMHD41mEhjbMW0bmzFk7aj9sLf2NVw4b03sIdxrUApcpvh9rq1F9UPAycv5MNdDrjrg==
  dependencies:
    ckeditor5 "^34.1.0"

"@ckeditor/ckeditor5-basic-styles@^34.1.0":
  version "34.1.0"
  resolved "https://registry.yarnpkg.com/@ckeditor/ckeditor5-basic-styles/-/ckeditor5-basic-styles-34.1.0.tgz#e0bb4b4cb87e102dcceb122b96d91c6656342efd"
  integrity sha512-DCdvoB/He7xM5tnsLvNoBlECOa1ijxA6sh8iFF18KzYYx7amlLB5fq/q89/OvXy3mwxJ50JfInE35H/KXUXlzg==
  dependencies:
    ckeditor5 "^34.1.0"

"@ckeditor/ckeditor5-block-quote@^34.1.0":
  version "34.1.0"
  resolved "https://registry.yarnpkg.com/@ckeditor/ckeditor5-block-quote/-/ckeditor5-block-quote-34.1.0.tgz#d21e317a0bc157783797bf084aadecde0d3f1894"
  integrity sha512-fs6lDcSwJMqkR+wtOPQwasOdX+xvC4Iu+zhs1/QIcg/+972dH14JAv5bLm7zpW3pWWDIr9hl9WJXWnxE9y4ygA==
  dependencies:
    ckeditor5 "^34.1.0"

"@ckeditor/ckeditor5-build-classic@^34.1.0":
  version "34.1.0"
  resolved "https://registry.yarnpkg.com/@ckeditor/ckeditor5-build-classic/-/ckeditor5-build-classic-34.1.0.tgz#e174cf515a2c11e16984d7f076d2f26697aae6d0"
  integrity sha512-F/HwWy9Srfv3Lvdw8IQPpdtuVmvjmzaPiR2pigv8pywU+SiW2UMEXzMqVuWmbf7K8bODjXtPnAKbK2P0ZXjl2g==
  dependencies:
    "@ckeditor/ckeditor5-adapter-ckfinder" "^34.1.0"
    "@ckeditor/ckeditor5-autoformat" "^34.1.0"
    "@ckeditor/ckeditor5-basic-styles" "^34.1.0"
    "@ckeditor/ckeditor5-block-quote" "^34.1.0"
    "@ckeditor/ckeditor5-ckfinder" "^34.1.0"
    "@ckeditor/ckeditor5-cloud-services" "^34.1.0"
    "@ckeditor/ckeditor5-easy-image" "^34.1.0"
    "@ckeditor/ckeditor5-editor-classic" "^34.1.0"
    "@ckeditor/ckeditor5-essentials" "^34.1.0"
    "@ckeditor/ckeditor5-heading" "^34.1.0"
    "@ckeditor/ckeditor5-image" "^34.1.0"
    "@ckeditor/ckeditor5-indent" "^34.1.0"
    "@ckeditor/ckeditor5-link" "^34.1.0"
    "@ckeditor/ckeditor5-list" "^34.1.0"
    "@ckeditor/ckeditor5-media-embed" "^34.1.0"
    "@ckeditor/ckeditor5-paragraph" "^34.1.0"
    "@ckeditor/ckeditor5-paste-from-office" "^34.1.0"
    "@ckeditor/ckeditor5-table" "^34.1.0"
    "@ckeditor/ckeditor5-typing" "^34.1.0"

"@ckeditor/ckeditor5-ckfinder@^34.1.0":
  version "34.1.0"
  resolved "https://registry.yarnpkg.com/@ckeditor/ckeditor5-ckfinder/-/ckeditor5-ckfinder-34.1.0.tgz#21eec870d8c3d1e472163c6f5798151b6d323776"
  integrity sha512-bFAsTRXQ+qREJuu80M+awT6S4+2T6vOrauWT2kz5vV1zH5Pck/pd7Ag7YTsjFdZemE1Uj7IxQ6ta+6caIX0DUA==
  dependencies:
    ckeditor5 "^34.1.0"

"@ckeditor/ckeditor5-clipboard@^34.1.0":
  version "34.1.0"
  resolved "https://registry.yarnpkg.com/@ckeditor/ckeditor5-clipboard/-/ckeditor5-clipboard-34.1.0.tgz#fad8e04d3d5aa07f671ca26a564b93ae195481ed"
  integrity sha512-j9JsV3K5F47EkqyCPN08ZC6qbKqbTQ7XINe2t75XjeenYlXGpMkuF2jxX2MjXwGtDUZLGkNG7yc+CWaGZmfd+Q==
  dependencies:
    "@ckeditor/ckeditor5-core" "^34.1.0"
    "@ckeditor/ckeditor5-engine" "^34.1.0"
    "@ckeditor/ckeditor5-utils" "^34.1.0"
    "@ckeditor/ckeditor5-widget" "^34.1.0"
    lodash-es "^4.17.11"

"@ckeditor/ckeditor5-cloud-services@^34.1.0":
  version "34.1.0"
  resolved "https://registry.yarnpkg.com/@ckeditor/ckeditor5-cloud-services/-/ckeditor5-cloud-services-34.1.0.tgz#a7f8fe35fe633ab33ef5377510bf54db57166a7f"
  integrity sha512-1+I5tVH5yaQlInHgHZolTr3FFSPoBUQh4d2qbBF+iHAzld27DEh4Q+sPrfrBeqelDfyCpChpUFdE2b+hCixh7A==
  dependencies:
    ckeditor5 "^34.1.0"

"@ckeditor/ckeditor5-core@^34.1.0":
  version "34.1.0"
  resolved "https://registry.yarnpkg.com/@ckeditor/ckeditor5-core/-/ckeditor5-core-34.1.0.tgz#f93385cea483864b222fc0ccdd2430f828d62743"
  integrity sha512-Rz0kIE64865fgSSdVRdAK7APTeoJxXyAdATEMM9UCXOMPWlE6UjOcrOMQEmZGxQHS+iwEocl9lWXPl+hMbWqfg==
  dependencies:
    "@ckeditor/ckeditor5-engine" "^34.1.0"
    "@ckeditor/ckeditor5-ui" "^34.1.0"
    "@ckeditor/ckeditor5-utils" "^34.1.0"
    lodash-es "^4.17.15"

"@ckeditor/ckeditor5-easy-image@^34.1.0":
  version "34.1.0"
  resolved "https://registry.yarnpkg.com/@ckeditor/ckeditor5-easy-image/-/ckeditor5-easy-image-34.1.0.tgz#b007c7a1332392dffe7ccba34083f962a542723d"
  integrity sha512-dCBNBVVn9T3acVpOUAib5T/dKFFgyjPXu5zaSyQ+M59Re0W+dfL9thgy5VozBCFreP1Rp09Vtpog6xapx8KotQ==
  dependencies:
    ckeditor5 "^34.1.0"

"@ckeditor/ckeditor5-editor-classic@^34.1.0":
  version "34.1.0"
  resolved "https://registry.yarnpkg.com/@ckeditor/ckeditor5-editor-classic/-/ckeditor5-editor-classic-34.1.0.tgz#0b8d14896b4e3ab08d4625e5f9937f94f6fc36d5"
  integrity sha512-SYZdI/W+cMQbioblwx9S37UunIf7w61JdMoTIh4/dnStc7YiH9kDJdsbcxPJ5LaSzZMJnaADXoj7FwqG+7RA1g==
  dependencies:
    ckeditor5 "^34.1.0"
    lodash-es "^4.17.15"

"@ckeditor/ckeditor5-engine@^34.1.0":
  version "34.1.0"
  resolved "https://registry.yarnpkg.com/@ckeditor/ckeditor5-engine/-/ckeditor5-engine-34.1.0.tgz#5717f2eb484e2998d2166c17dd4487064350ab59"
  integrity sha512-Bz4BcAl0Hhp6LIsJCypx+LoGbKQHVJjWQSq5oHYbvgrRcT57EPbepdazCtFhAVj7NrLt78ZCq1cdJSBcNASRYA==
  dependencies:
    "@ckeditor/ckeditor5-utils" "^34.1.0"
    lodash-es "^4.17.15"

"@ckeditor/ckeditor5-enter@^34.1.0":
  version "34.1.0"
  resolved "https://registry.yarnpkg.com/@ckeditor/ckeditor5-enter/-/ckeditor5-enter-34.1.0.tgz#04cc0c8ba83bfd4f9ead6a02fe1757f154b48421"
  integrity sha512-ZN/yxTPfPToBkz1NADHgnPGtni82Bbg4n3c+757lpGGyTjKSU6eDQYwXtDokpiVdD2FTDrhL59MX2xzWQKYRuA==
  dependencies:
    "@ckeditor/ckeditor5-core" "^34.1.0"
    "@ckeditor/ckeditor5-engine" "^34.1.0"
    "@ckeditor/ckeditor5-utils" "^34.1.0"

"@ckeditor/ckeditor5-essentials@^34.1.0":
  version "34.1.0"
  resolved "https://registry.yarnpkg.com/@ckeditor/ckeditor5-essentials/-/ckeditor5-essentials-34.1.0.tgz#f4043b1822833e01910356681eb1649fad47e82e"
  integrity sha512-z0TSG+NBH0A4PfoEaCmxvVk57AvJ8lPt46pGHQRHy8OVGZ1BRrOwk39/4bvN34AjmOnojK1fl7CRBfc4r2WE2A==
  dependencies:
    ckeditor5 "^34.1.0"

"@ckeditor/ckeditor5-heading@^34.1.0":
  version "34.1.0"
  resolved "https://registry.yarnpkg.com/@ckeditor/ckeditor5-heading/-/ckeditor5-heading-34.1.0.tgz#c15210b1ff952c40aca0c28215587d3df7f7f32b"
  integrity sha512-nLgnWCcQm85xrbGvaw03dA+IPN//TCax+jUUC2aYPN55/PBtvSQ+rra8KQxemxxghD/ddAV6w2jMTsJh0BC2Xg==
  dependencies:
    ckeditor5 "^34.1.0"

"@ckeditor/ckeditor5-image@^34.1.0":
  version "34.1.0"
  resolved "https://registry.yarnpkg.com/@ckeditor/ckeditor5-image/-/ckeditor5-image-34.1.0.tgz#422695b56a449b79f63c4da726d9f73cf67609f9"
  integrity sha512-EVMoZGCW6zz02/ZyiBUgLD78Q+XE+2zJ2LvVVB51VU/4czpvl7Eky12S6q/8XCmkaP8TICLM+neW8CAEbK1QEA==
  dependencies:
    "@ckeditor/ckeditor5-ui" "^34.1.0"
    ckeditor5 "^34.1.0"
    lodash-es "^4.17.15"

"@ckeditor/ckeditor5-indent@^34.1.0":
  version "34.1.0"
  resolved "https://registry.yarnpkg.com/@ckeditor/ckeditor5-indent/-/ckeditor5-indent-34.1.0.tgz#37fcc2e3c9618db23d709442ab24a83139450e47"
  integrity sha512-UaV2k5xCyteoQtykKKUdvj03IyituuMp1AdMXtUgDEzZouDFTUfDksTSkAvGERhxiBXUjTM+zDSrXbzS368D3A==
  dependencies:
    ckeditor5 "^34.1.0"

"@ckeditor/ckeditor5-link@^34.1.0":
  version "34.1.0"
  resolved "https://registry.yarnpkg.com/@ckeditor/ckeditor5-link/-/ckeditor5-link-34.1.0.tgz#6651e60fb19a25105d7b6ed26db24748d35c3b24"
  integrity sha512-TZEknvVAzCEH9bmXwLGPUyinSkmuI8NN3SFQFfytQ7qWp9NC6IPaVPbspxmHbZHNBnaK1XMsMnRO8gSL7d9+Fw==
  dependencies:
    "@ckeditor/ckeditor5-ui" "^34.1.0"
    ckeditor5 "^34.1.0"
    lodash-es "^4.17.15"

"@ckeditor/ckeditor5-list@^34.1.0":
  version "34.1.0"
  resolved "https://registry.yarnpkg.com/@ckeditor/ckeditor5-list/-/ckeditor5-list-34.1.0.tgz#266191a3f546f3fb3679de5825f3af25445276de"
  integrity sha512-OD3cJ+WngMgMjCh+w3JQh2qveP6DNYhtx7tA0pVmuyx+DZzGpb2DYg6ie5JxhenHgVbJP9dHx620k9YjdYR3NQ==
  dependencies:
    "@ckeditor/ckeditor5-ui" "^34.1.0"
    ckeditor5 "^34.1.0"

"@ckeditor/ckeditor5-media-embed@^34.1.0":
  version "34.1.0"
  resolved "https://registry.yarnpkg.com/@ckeditor/ckeditor5-media-embed/-/ckeditor5-media-embed-34.1.0.tgz#b78888d2cf50676e47c784cc6d2585081211a880"
  integrity sha512-x39PmgEFaZGywTskr5D5nfcwcRdbeUOHMjKk3mJXIFxSUOaQUD0s8KLK3GYYmbGWJKhLINznVQQeT1vQu2uizQ==
  dependencies:
    "@ckeditor/ckeditor5-ui" "^34.1.0"
    ckeditor5 "^34.1.0"

"@ckeditor/ckeditor5-paragraph@^34.1.0":
  version "34.1.0"
  resolved "https://registry.yarnpkg.com/@ckeditor/ckeditor5-paragraph/-/ckeditor5-paragraph-34.1.0.tgz#71b36d068bd559c375f27f9b9cd0c96178f1d357"
  integrity sha512-17tOw3hqguYkXymDUgUM7+fnwZf+0Dy/nHZ7/NK/4geAdh/FwvCPTnJE0NBsNQ3a3Erd682oYXDs32ecTwE6xA==
  dependencies:
    "@ckeditor/ckeditor5-core" "^34.1.0"
    "@ckeditor/ckeditor5-ui" "^34.1.0"
    "@ckeditor/ckeditor5-utils" "^34.1.0"

"@ckeditor/ckeditor5-paste-from-office@^34.1.0":
  version "34.1.0"
  resolved "https://registry.yarnpkg.com/@ckeditor/ckeditor5-paste-from-office/-/ckeditor5-paste-from-office-34.1.0.tgz#ea2e656bfaa19242254c5fe80cf56f2031911e2e"
  integrity sha512-hQgfaOojt+GQdxYeFw5bIK36jP+bQgzh9uZJAOMq+dBqiB845ghY27p/ZV81wDWBd9vcaZDaa4uCnJ4gXqdGVQ==
  dependencies:
    ckeditor5 "^34.1.0"

"@ckeditor/ckeditor5-react@^5.0.2":
  version "5.0.2"
  resolved "https://registry.yarnpkg.com/@ckeditor/ckeditor5-react/-/ckeditor5-react-5.0.2.tgz#446518e1d7ce842c63fc6ac24e818cc78a753903"
  integrity sha512-pN4acvCAIsuXaZDMttqy4dNBKXiJ6AS6P8NM3ggMc/rQkMIPp3YPhDWWf+pyQLUiewj1Bfr5EFeBfcXPQTOn+Q==
  dependencies:
    prop-types "^15.7.2"

"@ckeditor/ckeditor5-select-all@^34.1.0":
  version "34.1.0"
  resolved "https://registry.yarnpkg.com/@ckeditor/ckeditor5-select-all/-/ckeditor5-select-all-34.1.0.tgz#a89ee73acf5b253bd5301795aad32f67bcd073fc"
  integrity sha512-ia4cJdROsisx0H8nczQ08qo1du+C1dM+sPUHgaAf1o1N3KfgH81id7s4ILtyvz/fEqCmSIGxKW7MRn36ex/lcA==
  dependencies:
    "@ckeditor/ckeditor5-core" "^34.1.0"
    "@ckeditor/ckeditor5-ui" "^34.1.0"
    "@ckeditor/ckeditor5-utils" "^34.1.0"

"@ckeditor/ckeditor5-table@^34.1.0":
  version "34.1.0"
  resolved "https://registry.yarnpkg.com/@ckeditor/ckeditor5-table/-/ckeditor5-table-34.1.0.tgz#53f266987ac80cdbd48fbeedd89d87fd80cae10d"
  integrity sha512-Nx/zrLz1YMRF3+IlDIuv3U9SvdKELyX3qXbGOk1wNIEBZKdAQYCuY4xwAhsBCo8Kx09172Yy6lpTIgFiMJzUOg==
  dependencies:
    ckeditor5 "^34.1.0"
    lodash-es "^4.17.15"

"@ckeditor/ckeditor5-typing@^34.1.0":
  version "34.1.0"
  resolved "https://registry.yarnpkg.com/@ckeditor/ckeditor5-typing/-/ckeditor5-typing-34.1.0.tgz#83df6336c9d2190e3290e2fb11948058eb9cc625"
  integrity sha512-KcO6Yr3RJboNL0Ta/+a+lWOJnjLbomhemJ42fxp6JWMyCh1A5x6Iom9GGt1qS7BSh/5l3/prQBr11ZTvzr1ERQ==
  dependencies:
    "@ckeditor/ckeditor5-core" "^34.1.0"
    "@ckeditor/ckeditor5-engine" "^34.1.0"
    "@ckeditor/ckeditor5-utils" "^34.1.0"
    lodash-es "^4.17.15"

"@ckeditor/ckeditor5-ui@^34.1.0":
  version "34.1.0"
  resolved "https://registry.yarnpkg.com/@ckeditor/ckeditor5-ui/-/ckeditor5-ui-34.1.0.tgz#162a8fa343350f53537449f1ab508edf824bbc45"
  integrity sha512-cxySS7cj1xLz/Qh5VwQjHo399pU3ngCXkzQZnKlsFKqq7SPZghvzmaiYmqjlvlcmf4Idbm/IxMJXEPyLxpYrJw==
  dependencies:
    "@ckeditor/ckeditor5-core" "^34.1.0"
    "@ckeditor/ckeditor5-utils" "^34.1.0"
    lodash-es "^4.17.15"

"@ckeditor/ckeditor5-undo@^34.1.0":
  version "34.1.0"
  resolved "https://registry.yarnpkg.com/@ckeditor/ckeditor5-undo/-/ckeditor5-undo-34.1.0.tgz#bb7746952c54298ddbd27f73b0caa1fb6be2acd9"
  integrity sha512-+NXfCtbPeaacXWc54qQwGE2GT7chThqb5I8FqysD3kfM1q2mvzbFGMO9ADqz/uG3HgAViqbkxqnZOgziZeOkog==
  dependencies:
    "@ckeditor/ckeditor5-core" "^34.1.0"
    "@ckeditor/ckeditor5-engine" "^34.1.0"
    "@ckeditor/ckeditor5-ui" "^34.1.0"

"@ckeditor/ckeditor5-upload@^34.1.0":
  version "34.1.0"
  resolved "https://registry.yarnpkg.com/@ckeditor/ckeditor5-upload/-/ckeditor5-upload-34.1.0.tgz#63a945ceb3e3a23151e34bf402e12eda3a581da1"
  integrity sha512-Wxy0ucz4k0zD9ulpDGzlBb8z3JJRZ93UXfie5GFUUEN4M5nPH5oIt8eaV3hDkzqvyIubq/HOOsqYW6js7KtWsw==
  dependencies:
    "@ckeditor/ckeditor5-core" "^34.1.0"
    "@ckeditor/ckeditor5-ui" "^34.1.0"
    "@ckeditor/ckeditor5-utils" "^34.1.0"

"@ckeditor/ckeditor5-utils@^34.1.0":
  version "34.1.0"
  resolved "https://registry.yarnpkg.com/@ckeditor/ckeditor5-utils/-/ckeditor5-utils-34.1.0.tgz#2979709a61d387b3c85dde21e35e2d6b0ab2d5db"
  integrity sha512-laXIFkcGeL3NRG1zVNaiZNOcjHnLVqs2gvp6PaBaw6HigZdQWzPIA07FRfamIajMryG29vgcatBYAYgutKlPhQ==
  dependencies:
    lodash-es "^4.17.15"

"@ckeditor/ckeditor5-widget@^34.1.0":
  version "34.1.0"
  resolved "https://registry.yarnpkg.com/@ckeditor/ckeditor5-widget/-/ckeditor5-widget-34.1.0.tgz#37c51d15a55aeeca9b6b09a5c8d6d3c66ca3066d"
  integrity sha512-9q/wouwZ760WPY5SZzAFj6aITqPHkQrNrokYzI1tN3A6VCcG4+3AJjgHE5TWWYLfFvqRK2WvSTV1Ntf6ztBa4w==
  dependencies:
    "@ckeditor/ckeditor5-core" "^34.1.0"
    "@ckeditor/ckeditor5-engine" "^34.1.0"
    "@ckeditor/ckeditor5-enter" "^34.1.0"
    "@ckeditor/ckeditor5-typing" "^34.1.0"
    "@ckeditor/ckeditor5-ui" "^34.1.0"
    "@ckeditor/ckeditor5-utils" "^34.1.0"
    lodash-es "^4.17.15"

asap@~2.0.3:
  version "2.0.6"
  resolved "https://registry.yarnpkg.com/asap/-/asap-2.0.6.tgz#e50347611d7e690943208bbdafebcbc2fb866d46"
  integrity sha512-BSHWgDSAiKs50o2Re8ppvp3seVHXSRM44cdSsT9FfNEUUZLOGWVCsiWaRPWM1Znn+mqZ1OfVZ3z3DWEzSp7hRA==

ckeditor5@^34.1.0:
  version "34.1.0"
  resolved "https://registry.yarnpkg.com/ckeditor5/-/ckeditor5-34.1.0.tgz#3bd10c603f877891ee57e210fdd918762e2b865a"
  integrity sha512-bWcmXEx4C7AC+FywiTrhbs63mUc8vwEualSDzyJIZLd5HULLznqJwjeON/icKtzCiBLEeUFoeDHLC5yWAEj8sA==
  dependencies:
    "@ckeditor/ckeditor5-clipboard" "^34.1.0"
    "@ckeditor/ckeditor5-core" "^34.1.0"
    "@ckeditor/ckeditor5-engine" "^34.1.0"
    "@ckeditor/ckeditor5-enter" "^34.1.0"
    "@ckeditor/ckeditor5-paragraph" "^34.1.0"
    "@ckeditor/ckeditor5-select-all" "^34.1.0"
    "@ckeditor/ckeditor5-typing" "^34.1.0"
    "@ckeditor/ckeditor5-ui" "^34.1.0"
    "@ckeditor/ckeditor5-undo" "^34.1.0"
    "@ckeditor/ckeditor5-upload" "^34.1.0"
    "@ckeditor/ckeditor5-utils" "^34.1.0"
    "@ckeditor/ckeditor5-widget" "^34.1.0"

classnames@^2.2.6:
  version "2.3.1"
  resolved "https://registry.yarnpkg.com/classnames/-/classnames-2.3.1.tgz#dfcfa3891e306ec1dad105d0e88f4417b8535e8e"
  integrity sha512-OlQdbZ7gLfGarSqxesMesDa5uz7KFbID8Kpq/SxIoNGDqY8lSYs0D+hhtBXhcdB3rcbXArFr7vlHheLk1voeNA==

core-js@^3.6.4:
  version "3.23.2"
  resolved "https://registry.yarnpkg.com/core-js/-/core-js-3.23.2.tgz#e07a60ca8b14dd129cabdc3d2551baf5a01c76f0"
  integrity sha512-ELJOWxNrJfOH/WK4VJ3Qd+fOqZuOuDNDJz0xG6Bt4mGg2eO/UT9CljCrbqDGovjLKUrGajEEBcoTOc0w+yBYeQ==

cross-fetch@^3.0.4:
  version "3.1.5"
  resolved "https://registry.yarnpkg.com/cross-fetch/-/cross-fetch-3.1.5.tgz#e1389f44d9e7ba767907f7af8454787952ab534f"
  integrity sha512-lvb1SBsI0Z7GDwmuid+mU3kWVBwTVUbe7S0H52yaaAdQOXq2YktTCZdlAcNKFzE6QtRz0snpw9bNiPeOIkkQvw==
  dependencies:
    node-fetch "2.6.7"

draft-js@^0.11.7:
  version "0.11.7"
  resolved "https://registry.yarnpkg.com/draft-js/-/draft-js-0.11.7.tgz#be293aaa255c46d8a6647f3860aa4c178484a206"
  integrity sha512-ne7yFfN4sEL82QPQEn80xnADR8/Q6ALVworbC5UOSzOvjffmYfFsr3xSZtxbIirti14R7Y33EZC5rivpLgIbsg==
  dependencies:
    fbjs "^2.0.0"
    immutable "~3.7.4"
    object-assign "^4.1.1"

draftjs-utils@^0.10.2:
  version "0.10.2"
  resolved "https://registry.yarnpkg.com/draftjs-utils/-/draftjs-utils-0.10.2.tgz#a7f16d2c1c174ac38ba3bbf700c256f176b2699c"
  integrity sha512-EstHqr3R3JVcilJrBaO/A+01GvwwKmC7e4TCjC7S94ZeMh4IVmf60OuQXtHHpwItK8C2JCi3iljgN5KHkJboUg==

fbjs-css-vars@^1.0.0:
  version "1.0.2"
  resolved "https://registry.yarnpkg.com/fbjs-css-vars/-/fbjs-css-vars-1.0.2.tgz#216551136ae02fe255932c3ec8775f18e2c078b8"
  integrity sha512-b2XGFAFdWZWg0phtAWLHCk836A1Xann+I+Dgd3Gk64MHKZO44FfoD1KxyvbSh0qZsIoXQGGlVztIY+oitJPpRQ==

fbjs@^2.0.0:
  version "2.0.0"
  resolved "https://registry.yarnpkg.com/fbjs/-/fbjs-2.0.0.tgz#01fb812138d7e31831ed3e374afe27b9169ef442"
  integrity sha512-8XA8ny9ifxrAWlyhAbexXcs3rRMtxWcs3M0lctLfB49jRDHiaxj+Mo0XxbwE7nKZYzgCFoq64FS+WFd4IycPPQ==
  dependencies:
    core-js "^3.6.4"
    cross-fetch "^3.0.4"
    fbjs-css-vars "^1.0.0"
    loose-envify "^1.0.0"
    object-assign "^4.1.0"
    promise "^7.1.1"
    setimmediate "^1.0.5"
    ua-parser-js "^0.7.18"

html-to-draftjs@^1.5.0:
  version "1.5.0"
  resolved "https://registry.yarnpkg.com/html-to-draftjs/-/html-to-draftjs-1.5.0.tgz#0df0eabf429deaedb63f5c859889e2c983606e86"
  integrity sha512-kggLXBNciKDwKf+KYsuE+V5gw4dZ7nHyGMX9m0wy7urzWjKGWyNFetmArRLvRV0VrxKN70WylFsJvMTJx02OBQ==

immutable@~3.7.4:
  version "3.7.6"
  resolved "https://registry.yarnpkg.com/immutable/-/immutable-3.7.6.tgz#13b4d3cb12befa15482a26fe1b2ebae640071e4b"
  integrity sha512-AizQPcaofEtO11RZhPPHBOJRdo/20MKQF9mBLnVkBoyHi1/zXK8fzVdnEpSV9gxqtnh6Qomfp3F0xT5qP/vThw==

"js-tokens@^3.0.0 || ^4.0.0":
  version "4.0.0"
  resolved "https://registry.yarnpkg.com/js-tokens/-/js-tokens-4.0.0.tgz#19203fb59991df98e3a287050d4647cdeaf32499"
  integrity sha512-RdJUflcE3cUzKiMqQgsCu06FPu9UdIJO0beYbPhHN4k6apgJtifcoCtT9bcxOpYBtpD2kCM6Sbzg4CausW/PKQ==

linkify-it@^2.2.0:
  version "2.2.0"
  resolved "https://registry.yarnpkg.com/linkify-it/-/linkify-it-2.2.0.tgz#e3b54697e78bf915c70a38acd78fd09e0058b1cf"
  integrity sha512-GnAl/knGn+i1U/wjBz3akz2stz+HrHLsxMwHQGofCDfPvlf+gDKN58UtfmUquTY4/MXeE2x7k19KQmeoZi94Iw==
  dependencies:
    uc.micro "^1.0.1"

lodash-es@^4.17.11, lodash-es@^4.17.15:
  version "4.17.21"
  resolved "https://registry.yarnpkg.com/lodash-es/-/lodash-es-4.17.21.tgz#43e626c46e6591b7750beb2b50117390c609e3ee"
  integrity sha512-mKnC+QJ9pWVzv+C4/U3rRsHapFfHvQFoFB92e52xeyGMcX6/OlIl78je1u8vePzYZSkkogMPJ2yjxxsb89cxyw==

loose-envify@^1.0.0, loose-envify@^1.4.0:
  version "1.4.0"
  resolved "https://registry.yarnpkg.com/loose-envify/-/loose-envify-1.4.0.tgz#71ee51fa7be4caec1a63839f7e682d8132d30caf"
  integrity sha512-lyuxPGr/Wfhrlem2CL/UcnUc1zcqKAImBDzukY7Y5F/yQiNdko6+fRLevlw1HgMySw7f611UIY408EtxRSoK3Q==
  dependencies:
    js-tokens "^3.0.0 || ^4.0.0"

node-fetch@2.6.7:
  version "2.6.7"
  resolved "https://registry.yarnpkg.com/node-fetch/-/node-fetch-2.6.7.tgz#24de9fba827e3b4ae44dc8b20256a379160052ad"
  integrity sha512-ZjMPFEfVx5j+y2yF35Kzx5sF7kDzxuDj6ziH4FFbOp87zKDZNx8yExJIb05OGF4Nlt9IHFIMBkRl41VdvcNdbQ==
  dependencies:
    whatwg-url "^5.0.0"

object-assign@^4.1.0, object-assign@^4.1.1:
  version "4.1.1"
  resolved "https://registry.yarnpkg.com/object-assign/-/object-assign-4.1.1.tgz#2109adc7965887cfc05cbbd442cac8bfbb360863"
  integrity sha512-rJgTQnkUnH1sFw8yT6VSU3zD3sWmu6sZhIseY8VX+GRu3P6F7Fu+JNDoXfklElbLJSnc3FUQHVe4cU5hj+BcUg==

promise@^7.1.1:
  version "7.3.1"
  resolved "https://registry.yarnpkg.com/promise/-/promise-7.3.1.tgz#064b72602b18f90f29192b8b1bc418ffd1ebd3bf"
  integrity sha512-nolQXZ/4L+bP/UGlkfaIujX9BKxGwmQ9OT4mOt5yvy8iK1h3wqTEJCijzGANTCCl9nWjY41juyAn2K3Q1hLLTg==
  dependencies:
    asap "~2.0.3"

prop-types@^15.7.2:
  version "15.8.1"
  resolved "https://registry.yarnpkg.com/prop-types/-/prop-types-15.8.1.tgz#67d87bf1a694f48435cf332c24af10214a3140b5"
  integrity sha512-oj87CgZICdulUohogVAR7AjlC0327U4el4L6eAvOqCeudMDVU0NThNaV+b9Df4dXgSP1gXMTnPdhfe/2qDH5cg==
  dependencies:
    loose-envify "^1.4.0"
    object-assign "^4.1.1"
    react-is "^16.13.1"

react-draft-wysiwyg@^1.14.7:
  version "1.14.7"
  resolved "https://registry.yarnpkg.com/react-draft-wysiwyg/-/react-draft-wysiwyg-1.14.7.tgz#5d27fe8ad87de7c692dad739b8787f3ac1f3c24e"
  integrity sha512-D4X8F/ourvQZuqHzCQ6Vs6Tnt6TbGH58kvHQxC+aZGq+45ko2EyatL6G5C/paMaNKDZq2JRe7yAzykneMLpNOg==
  dependencies:
    classnames "^2.2.6"
    draftjs-utils "^0.10.2"
    html-to-draftjs "^1.5.0"
    linkify-it "^2.2.0"
    prop-types "^15.7.2"

react-is@^16.13.1:
  version "16.13.1"
  resolved "https://registry.yarnpkg.com/react-is/-/react-is-16.13.1.tgz#789729a4dc36de2999dc156dd6c1d9c18cea56a4"
  integrity sha512-24e6ynE2H+OKt4kqsOvNd8kBpV65zoxbA4BVsEOB3ARVWQki/DHzaUoC5KuON/BiccDaCCTZBuOcfZs70kR8bQ==

setimmediate@^1.0.5:
  version "1.0.5"
  resolved "https://registry.yarnpkg.com/setimmediate/-/setimmediate-1.0.5.tgz#290cbb232e306942d7d7ea9b83732ab7856f8285"
  integrity sha512-MATJdZp8sLqDl/68LfQmbP8zKPLQNV6BIZoIgrscFDQ+RsvK/BxeDQOgyxKKoh0y/8h3BqVFnCqQ/gd+reiIXA==

tr46@~0.0.3:
  version "0.0.3"
  resolved "https://registry.yarnpkg.com/tr46/-/tr46-0.0.3.tgz#8184fd347dac9cdc185992f3a6622e14b9d9ab6a"
  integrity sha512-N3WMsuqV66lT30CrXNbEjx4GEwlow3v6rr4mCcv6prnfwhS01rkgyFdjPNBYd9br7LpXV1+Emh01fHnq2Gdgrw==

ua-parser-js@^0.7.18:
  version "0.7.31"
  resolved "https://registry.yarnpkg.com/ua-parser-js/-/ua-parser-js-0.7.31.tgz#649a656b191dffab4f21d5e053e27ca17cbff5c6"
  integrity sha512-qLK/Xe9E2uzmYI3qLeOmI0tEOt+TBBQyUIAh4aAgU05FVYzeZrKUdkAZfBNVGRaHVgV0TDkdEngJSw/SyQchkQ==

uc.micro@^1.0.1:
  version "1.0.6"
  resolved "https://registry.yarnpkg.com/uc.micro/-/uc.micro-1.0.6.tgz#9c411a802a409a91fc6cf74081baba34b24499ac"
  integrity sha512-8Y75pvTYkLJW2hWQHXxoqRgV7qb9B+9vFEtidML+7koHUFapnVJAZ6cKs+Qjz5Aw3aZWHMC6u0wJE3At+nSGwA==

webidl-conversions@^3.0.0:
  version "3.0.1"
  resolved "https://registry.yarnpkg.com/webidl-conversions/-/webidl-conversions-3.0.1.tgz#24534275e2a7bc6be7bc86611cc16ae0a5654871"
  integrity sha512-2JAn3z8AR6rjK8Sm8orRC0h/bcl/DqL7tRPdGZ4I1CjdF+EaMLmYxBHyXuKL849eucPFhvBoxMsflfOb8kxaeQ==

whatwg-url@^5.0.0:
  version "5.0.0"
  resolved "https://registry.yarnpkg.com/whatwg-url/-/whatwg-url-5.0.0.tgz#966454e8765462e37644d3626f6742ce8b70965d"
  integrity sha512-saE57nupxk6v3HY35+jzBwYa0rKSy0XR8JSxZPwgLr7ys0IBzhGviA1/TUGJLmSVqs8pb9AnvICXEuOHLprYTw==
  dependencies:
    tr46 "~0.0.3"
    webidl-conversions "^3.0.0"
